// !$*UTF8*$!
{
	archiveVersion = 1;
	classes = {
	};
	objectVersion = 55;
	objects = {

/* Begin PBXBuildFile section */
		3E8AC6EC889B7F2309DA8A9C /* Pods_NetworkExercise.framework in Frameworks */ = {isa = PBXBuildFile; fileRef = 71636CB519E59FC512C14F75 /* Pods_NetworkExercise.framework */; };
		F6C7DAEF27542B1E00DC8027 /* AppDelegate.swift in Sources */ = {isa = PBXBuildFile; fileRef = F6C7DAEE27542B1E00DC8027 /* AppDelegate.swift */; };
		F6C7DAF127542B1E00DC8027 /* SceneDelegate.swift in Sources */ = {isa = PBXBuildFile; fileRef = F6C7DAF027542B1E00DC8027 /* SceneDelegate.swift */; };
		F6C7DAF327542B1E00DC8027 /* ViewController.swift in Sources */ = {isa = PBXBuildFile; fileRef = F6C7DAF227542B1E00DC8027 /* ViewController.swift */; };
		F6C7DAF627542B1E00DC8027 /* Main.storyboard in Resources */ = {isa = PBXBuildFile; fileRef = F6C7DAF427542B1E00DC8027 /* Main.storyboard */; };
		F6C7DAF827542B2000DC8027 /* Assets.xcassets in Resources */ = {isa = PBXBuildFile; fileRef = F6C7DAF727542B2000DC8027 /* Assets.xcassets */; };
		F6C7DAFB27542B2000DC8027 /* LaunchScreen.storyboard in Resources */ = {isa = PBXBuildFile; fileRef = F6C7DAF927542B2000DC8027 /* LaunchScreen.storyboard */; };
/* End PBXBuildFile section */

/* Begin PBXFileReference section */
		02551A9439392D93566C4D25 /* Pods-NetworkExercise.release.xcconfig */ = {isa = PBXFileReference; includeInIndex = 1; lastKnownFileType = text.xcconfig; name = "Pods-NetworkExercise.release.xcconfig"; path = "Target Support Files/Pods-NetworkExercise/Pods-NetworkExercise.release.xcconfig"; sourceTree = "<group>"; };
		17E3AE1565F0DB9599984FB1 /* Pods-NetworkExercise.debug.xcconfig */ = {isa = PBXFileReference; includeInIndex = 1; lastKnownFileType = text.xcconfig; name = "Pods-NetworkExercise.debug.xcconfig"; path = "Target Support Files/Pods-NetworkExercise/Pods-NetworkExercise.debug.xcconfig"; sourceTree = "<group>"; };
		71636CB519E59FC512C14F75 /* Pods_NetworkExercise.framework */ = {isa = PBXFileReference; explicitFileType = wrapper.framework; includeInIndex = 0; path = Pods_NetworkExercise.framework; sourceTree = BUILT_PRODUCTS_DIR; };
		F6C7DAEB27542B1E00DC8027 /* NetworkExercise.app */ = {isa = PBXFileReference; explicitFileType = wrapper.application; includeInIndex = 0; path = NetworkExercise.app; sourceTree = BUILT_PRODUCTS_DIR; };
		F6C7DAEE27542B1E00DC8027 /* AppDelegate.swift */ = {isa = PBXFileReference; lastKnownFileType = sourcecode.swift; path = AppDelegate.swift; sourceTree = "<group>"; };
		F6C7DAF027542B1E00DC8027 /* SceneDelegate.swift */ = {isa = PBXFileReference; lastKnownFileType = sourcecode.swift; path = SceneDelegate.swift; sourceTree = "<group>"; };
		F6C7DAF227542B1E00DC8027 /* ViewController.swift */ = {isa = PBXFileReference; lastKnownFileType = sourcecode.swift; path = ViewController.swift; sourceTree = "<group>"; };
		F6C7DAF527542B1E00DC8027 /* Base */ = {isa = PBXFileReference; lastKnownFileType = file.storyboard; name = Base; path = Base.lproj/Main.storyboard; sourceTree = "<group>"; };
		F6C7DAF727542B2000DC8027 /* Assets.xcassets */ = {isa = PBXFileReference; lastKnownFileType = folder.assetcatalog; path = Assets.xcassets; sourceTree = "<group>"; };
		F6C7DAFA27542B2000DC8027 /* Base */ = {isa = PBXFileReference; lastKnownFileType = file.storyboard; name = Base; path = Base.lproj/LaunchScreen.storyboard; sourceTree = "<group>"; };
		F6C7DAFC27542B2000DC8027 /* Info.plist */ = {isa = PBXFileReference; lastKnownFileType = text.plist.xml; path = Info.plist; sourceTree = "<group>"; };
/* End PBXFileReference section */

/* Begin PBXFrameworksBuildPhase section */
		F6C7DAE827542B1E00DC8027 /* Frameworks */ = {
			isa = PBXFrameworksBuildPhase;
			buildActionMask = 2147483647;
			files = (
				3E8AC6EC889B7F2309DA8A9C /* Pods_NetworkExercise.framework in Frameworks */,
			);
			runOnlyForDeploymentPostprocessing = 0;
		};
/* End PBXFrameworksBuildPhase section */

/* Begin PBXGroup section */
		8CDEAF8A2E5BA87100E60315 /* Pods */ = {
			isa = PBXGroup;
			children = (
				17E3AE1565F0DB9599984FB1 /* Pods-NetworkExercise.debug.xcconfig */,
				02551A9439392D93566C4D25 /* Pods-NetworkExercise.release.xcconfig */,
			);
			name = Pods;
			path = Pods;
			sourceTree = "<group>";
		};
		A17EC4A03EFCCD361F89F069 /* Frameworks */ = {
			isa = PBXGroup;
			children = (
				71636CB519E59FC512C14F75 /* Pods_NetworkExercise.framework */,
			);
			name = Frameworks;
			sourceTree = "<group>";
		};
		F6C7DAE227542B1E00DC8027 = {
			isa = PBXGroup;
			children = (
				F6C7DAED27542B1E00DC8027 /* NetworkExercise */,
				F6C7DAEC27542B1E00DC8027 /* Products */,
				8CDEAF8A2E5BA87100E60315 /* Pods */,
				A17EC4A03EFCCD361F89F069 /* Frameworks */,
			);
			sourceTree = "<group>";
		};
		F6C7DAEC27542B1E00DC8027 /* Products */ = {
			isa = PBXGroup;
			children = (
				F6C7DAEB27542B1E00DC8027 /* NetworkExercise.app */,
			);
			name = Products;
			sourceTree = "<group>";
		};
		F6C7DAED27542B1E00DC8027 /* NetworkExercise */ = {
			isa = PBXGroup;
			children = (
				F6C7DAEE27542B1E00DC8027 /* AppDelegate.swift */,
				F6C7DAF027542B1E00DC8027 /* SceneDelegate.swift */,
				F6C7DAF227542B1E00DC8027 /* ViewController.swift */,
				F6C7DAF427542B1E00DC8027 /* Main.storyboard */,
				F6C7DAF727542B2000DC8027 /* Assets.xcassets */,
				F6C7DAF927542B2000DC8027 /* LaunchScreen.storyboard */,
				F6C7DAFC27542B2000DC8027 /* Info.plist */,
			);
			path = NetworkExercise;
			sourceTree = "<group>";
		};
/* End PBXGroup section */

/* Begin PBXNativeTarget section */
		F6C7DAEA27542B1E00DC8027 /* NetworkExercise */ = {
			isa = PBXNativeTarget;
			buildConfigurationList = F6C7DAFF27542B2000DC8027 /* Build configuration list for PBXNativeTarget "NetworkExercise" */;
			buildPhases = (
				EA2EC220E665F870EECDE9F0 /* [CP] Check Pods Manifest.lock */,
				F6C7DAE727542B1E00DC8027 /* Sources */,
				F6C7DAE827542B1E00DC8027 /* Frameworks */,
				F6C7DAE927542B1E00DC8027 /* Resources */,
				33844C3F1C866A6D3FAD58CA /* [CP] Embed Pods Frameworks */,
			);
			buildRules = (
			);
			dependencies = (
			);
			name = NetworkExercise;
			productName = NetworkExercise;
			productReference = F6C7DAEB27542B1E00DC8027 /* NetworkExercise.app */;
			productType = "com.apple.product-type.application";
		};
/* End PBXNativeTarget section */

/* Begin PBXProject section */
		F6C7DAE327542B1E00DC8027 /* Project object */ = {
			isa = PBXProject;
			attributes = {
				BuildIndependentTargetsInParallel = 1;
				LastSwiftUpdateCheck = 1300;
				LastUpgradeCheck = 1300;
				TargetAttributes = {
					F6C7DAEA27542B1E00DC8027 = {
						CreatedOnToolsVersion = 13.0;
					};
				};
			};
			buildConfigurationList = F6C7DAE627542B1E00DC8027 /* Build configuration list for PBXProject "NetworkExercise" */;
			compatibilityVersion = "Xcode 13.0";
			developmentRegion = en;
			hasScannedForEncodings = 0;
			knownRegions = (
				en,
				Base,
			);
			mainGroup = F6C7DAE227542B1E00DC8027;
			productRefGroup = F6C7DAEC27542B1E00DC8027 /* Products */;
			projectDirPath = "";
			projectRoot = "";
			targets = (
				F6C7DAEA27542B1E00DC8027 /* NetworkExercise */,
			);
		};
/* End PBXProject section */

/* Begin PBXResourcesBuildPhase section */
		F6C7DAE927542B1E00DC8027 /* Resources */ = {
			isa = PBXResourcesBuildPhase;
			buildActionMask = 2147483647;
			files = (
				F6C7DAFB27542B2000DC8027 /* LaunchScreen.storyboard in Resources */,
				F6C7DAF827542B2000DC8027 /* Assets.xcassets in Resources */,
				F6C7DAF627542B1E00DC8027 /* Main.storyboard in Resources */,
			);
			runOnlyForDeploymentPostprocessing = 0;
		};
/* End PBXResourcesBuildPhase section */

/* Begin PBXShellScriptBuildPhase section */
		33844C3F1C866A6D3FAD58CA /* [CP] Embed Pods Frameworks */ = {
			isa = PBXShellScriptBuildPhase;
			buildActionMask = 2147483647;
			files = (
			);
			inputFileListPaths = (
				"${PODS_ROOT}/Target Support Files/Pods-NetworkExercise/Pods-NetworkExercise-frameworks-${CONFIGURATION}-input-files.xcfilelist",
			);
			name = "[CP] Embed Pods Frameworks";
			outputFileListPaths = (
				"${PODS_ROOT}/Target Support Files/Pods-NetworkExercise/Pods-NetworkExercise-frameworks-${CONFIGURATION}-output-files.xcfilelist",
			);
			runOnlyForDeploymentPostprocessing = 0;
			shellPath = /bin/sh;
			shellScript = "\"${PODS_ROOT}/Target Support Files/Pods-NetworkExercise/Pods-NetworkExercise-frameworks.sh\"\n";
			showEnvVarsInLog = 0;
		};
		EA2EC220E665F870EECDE9F0 /* [CP] Check Pods Manifest.lock */ = {
			isa = PBXShellScriptBuildPhase;
			buildActionMask = 2147483647;
			files = (
			);
			inputFileListPaths = (
			);
			inputPaths = (
				"${PODS_PODFILE_DIR_PATH}/Podfile.lock",
				"${PODS_ROOT}/Manifest.lock",
			);
			name = "[CP] Check Pods Manifest.lock";
			outputFileListPaths = (
			);
			outputPaths = (
				"$(DERIVED_FILE_DIR)/Pods-NetworkExercise-checkManifestLockResult.txt",
			);
			runOnlyForDeploymentPostprocessing = 0;
			shellPath = /bin/sh;
			shellScript = "diff \"${PODS_PODFILE_DIR_PATH}/Podfile.lock\" \"${PODS_ROOT}/Manifest.lock\" > /dev/null\nif [ $? != 0 ] ; then\n    # print error to STDERR\n    echo \"error: The sandbox is not in sync with the Podfile.lock. Run 'pod install' or update your CocoaPods installation.\" >&2\n    exit 1\nfi\n# This output is used by Xcode 'outputs' to avoid re-running this script phase.\necho \"SUCCESS\" > \"${SCRIPT_OUTPUT_FILE_0}\"\n";
			showEnvVarsInLog = 0;
		};
/* End PBXShellScriptBuildPhase section */

/* Begin PBXSourcesBuildPhase section */
		F6C7DAE727542B1E00DC8027 /* Sources */ = {
			isa = PBXSourcesBuildPhase;
			buildActionMask = 2147483647;
			files = (
				F6C7DAF327542B1E00DC8027 /* ViewController.swift in Sources */,
				F6C7DAEF27542B1E00DC8027 /* AppDelegate.swift in Sources */,
				F6C7DAF127542B1E00DC8027 /* SceneDelegate.swift in Sources */,
			);
			runOnlyForDeploymentPostprocessing = 0;
		};
/* End PBXSourcesBuildPhase section */

/* Begin PBXVariantGroup section */
		F6C7DAF427542B1E00DC8027 /* Main.storyboard */ = {
			isa = PBXVariantGroup;
			children = (
				F6C7DAF527542B1E00DC8027 /* Base */,
			);
			name = Main.storyboard;
			sourceTree = "<group>";
		};
		F6C7DAF927542B2000DC8027 /* LaunchScreen.storyboard */ = {
			isa = PBXVariantGroup;
			children = (
				F6C7DAFA27542B2000DC8027 /* Base */,
			);
			name = LaunchScreen.storyboard;
			sourceTree = "<group>";
		};
/* End PBXVariantGroup section */

/* Begin XCBuildConfiguration section */
		F6C7DAFD27542B2000DC8027 /* Debug */ = {
			isa = XCBuildConfiguration;
			buildSettings = {
				ALWAYS_SEARCH_USER_PATHS = NO;
				CLANG_ANALYZER_NONNULL = YES;
				CLANG_ANALYZER_NUMBER_OBJECT_CONVERSION = YES_AGGRESSIVE;
				CLANG_CXX_LANGUAGE_STANDARD = "gnu++17";
				CLANG_CXX_LIBRARY = "libc++";
				CLANG_ENABLE_MODULES = YES;
				CLANG_ENABLE_OBJC_ARC = YES;
				CLANG_ENABLE_OBJC_WEAK = YES;
				CLANG_WARN_BLOCK_CAPTURE_AUTORELEASING = YES;
				CLANG_WARN_BOOL_CONVERSION = YES;
				CLANG_WARN_COMMA = YES;
				CLANG_WARN_CONSTANT_CONVERSION = YES;
				CLANG_WARN_DEPRECATED_OBJC_IMPLEMENTATIONS = YES;
				CLANG_WARN_DIRECT_OBJC_ISA_USAGE = YES_ERROR;
				CLANG_WARN_DOCUMENTATION_COMMENTS = YES;
				CLANG_WARN_EMPTY_BODY = YES;
				CLANG_WARN_ENUM_CONVERSION = YES;
				CLANG_WARN_INFINITE_RECURSION = YES;
				CLANG_WARN_INT_CONVERSION = YES;
				CLANG_WARN_NON_LITERAL_NULL_CONVERSION = YES;
				CLANG_WARN_OBJC_IMPLICIT_RETAIN_SELF = YES;
				CLANG_WARN_OBJC_LITERAL_CONVERSION = YES;
				CLANG_WARN_OBJC_ROOT_CLASS = YES_ERROR;
				CLANG_WARN_QUOTED_INCLUDE_IN_FRAMEWORK_HEADER = YES;
				CLANG_WARN_RANGE_LOOP_ANALYSIS = YES;
				CLANG_WARN_STRICT_PROTOTYPES = YES;
				CLANG_WARN_SUSPICIOUS_MOVE = YES;
				CLANG_WARN_UNGUARDED_AVAILABILITY = YES_AGGRESSIVE;
				CLANG_WARN_UNREACHABLE_CODE = YES;
				CLANG_WARN__DUPLICATE_METHOD_MATCH = YES;
				COPY_PHASE_STRIP = NO;
				DEBUG_INFORMATION_FORMAT = dwarf;
				ENABLE_STRICT_OBJC_MSGSEND = YES;
				ENABLE_TESTABILITY = YES;
				GCC_C_LANGUAGE_STANDARD = gnu11;
				GCC_DYNAMIC_NO_PIC = NO;
				GCC_NO_COMMON_BLOCKS = YES;
				GCC_OPTIMIZATION_LEVEL = 0;
				GCC_PREPROCESSOR_DEFINITIONS = (
					"DEBUG=1",
					"$(inherited)",
				);
				GCC_WARN_64_TO_32_BIT_CONVERSION = YES;
				GCC_WARN_ABOUT_RETURN_TYPE = YES_ERROR;
				GCC_WARN_UNDECLARED_SELECTOR = YES;
				GCC_WARN_UNINITIALIZED_AUTOS = YES_AGGRESSIVE;
				GCC_WARN_UNUSED_FUNCTION = YES;
				GCC_WARN_UNUSED_VARIABLE = YES;
				IPHONEOS_DEPLOYMENT_TARGET = 15.0;
				MTL_ENABLE_DEBUG_INFO = INCLUDE_SOURCE;
				MTL_FAST_MATH = YES;
				ONLY_ACTIVE_ARCH = YES;
				SDKROOT = iphoneos;
				SWIFT_ACTIVE_COMPILATION_CONDITIONS = DEBUG;
				SWIFT_OPTIMIZATION_LEVEL = "-Onone";
			};
			name = Debug;
		};
		F6C7DAFE27542B2000DC8027 /* Release */ = {
			isa = XCBuildConfiguration;
			buildSettings = {
				ALWAYS_SEARCH_USER_PATHS = NO;
				CLANG_ANALYZER_NONNULL = YES;
				CLANG_ANALYZER_NUMBER_OBJECT_CONVERSION = YES_AGGRESSIVE;
				CLANG_CXX_LANGUAGE_STANDARD = "gnu++17";
				CLANG_CXX_LIBRARY = "libc++";
				CLANG_ENABLE_MODULES = YES;
				CLANG_ENABLE_OBJC_ARC = YES;
				CLANG_ENABLE_OBJC_WEAK = YES;
				CLANG_WARN_BLOCK_CAPTURE_AUTORELEASING = YES;
				CLANG_WARN_BOOL_CONVERSION = YES;
				CLANG_WARN_COMMA = YES;
				CLANG_WARN_CONSTANT_CONVERSION = YES;
				CLANG_WARN_DEPRECATED_OBJC_IMPLEMENTATIONS = YES;
				CLANG_WARN_DIRECT_OBJC_ISA_USAGE = YES_ERROR;
				CLANG_WARN_DOCUMENTATION_COMMENTS = YES;
				CLANG_WARN_EMPTY_BODY = YES;
				CLANG_WARN_ENUM_CONVERSION = YES;
				CLANG_WARN_INFINITE_RECURSION = YES;
				CLANG_WARN_INT_CONVERSION = YES;
				CLANG_WARN_NON_LITERAL_NULL_CONVERSION = YES;
				CLANG_WARN_OBJC_IMPLICIT_RETAIN_SELF = YES;
				CLANG_WARN_OBJC_LITERAL_CONVERSION = YES;
				CLANG_WARN_OBJC_ROOT_CLASS = YES_ERROR;
				CLANG_WARN_QUOTED_INCLUDE_IN_FRAMEWORK_HEADER = YES;
				CLANG_WARN_RANGE_LOOP_ANALYSIS = YES;
				CLANG_WARN_STRICT_PROTOTYPES = YES;
				CLANG_WARN_SUSPICIOUS_MOVE = YES;
				CLANG_WARN_UNGUARDED_AVAILABILITY = YES_AGGRESSIVE;
				CLANG_WARN_UNREACHABLE_CODE = YES;
				CLANG_WARN__DUPLICATE_METHOD_MATCH = YES;
				COPY_PHASE_STRIP = NO;
				DEBUG_INFORMATION_FORMAT = "dwarf-with-dsym";
				ENABLE_NS_ASSERTIONS = NO;
				ENABLE_STRICT_OBJC_MSGSEND = YES;
				GCC_C_LANGUAGE_STANDARD = gnu11;
				GCC_NO_COMMON_BLOCKS = YES;
				GCC_WARN_64_TO_32_BIT_CONVERSION = YES;
				GCC_WARN_ABOUT_RETURN_TYPE = YES_ERROR;
				GCC_WARN_UNDECLARED_SELECTOR = YES;
				GCC_WARN_UNINITIALIZED_AUTOS = YES_AGGRESSIVE;
				GCC_WARN_UNUSED_FUNCTION = YES;
				GCC_WARN_UNUSED_VARIABLE = YES;
				IPHONEOS_DEPLOYMENT_TARGET = 15.0;
				MTL_ENABLE_DEBUG_INFO = NO;
				MTL_FAST_MATH = YES;
				SDKROOT = iphoneos;
				SWIFT_COMPILATION_MODE = wholemodule;
				SWIFT_OPTIMIZATION_LEVEL = "-O";
				VALIDATE_PRODUCT = YES;
			};
			name = Release;
		};
		F6C7DB0027542B2000DC8027 /* Debug */ = {
			isa = XCBuildConfiguration;
			baseConfigurationReference = 17E3AE1565F0DB9599984FB1 /* Pods-NetworkExercise.debug.xcconfig */;
			buildSettings = {
				ASSETCATALOG_COMPILER_APPICON_NAME = AppIcon;
				ASSETCATALOG_COMPILER_GLOBAL_ACCENT_COLOR_NAME = AccentColor;
				CODE_SIGN_STYLE = Automatic;
				CURRENT_PROJECT_VERSION = 1;
				DEVELOPMENT_TEAM = RS46GZF8TU;
				GENERATE_INFOPLIST_FILE = YES;
				INFOPLIST_FILE = NetworkExercise/Info.plist;
				INFOPLIST_KEY_UIApplicationSupportsIndirectInputEvents = YES;
				INFOPLIST_KEY_UILaunchStoryboardName = LaunchScreen;
				INFOPLIST_KEY_UIMainStoryboardFile = Main;
				INFOPLIST_KEY_UISupportedInterfaceOrientations_iPad = "UIInterfaceOrientationPortrait UIInterfaceOrientationPortraitUpsideDown UIInterfaceOrientationLandscapeLeft UIInterfaceOrientationLandscapeRight";
				INFOPLIST_KEY_UISupportedInterfaceOrientations_iPhone = "UIInterfaceOrientationPortrait UIInterfaceOrientationLandscapeLeft UIInterfaceOrientationLandscapeRight";
				LD_RUNPATH_SEARCH_PATHS = (
					"$(inherited)",
					"@executable_path/Frameworks",
				);
				MARKETING_VERSION = 1.0;
				PRODUCT_BUNDLE_IDENTIFIER = "--------.NetworkExercise";
				PRODUCT_NAME = "$(TARGET_NAME)";
				SWIFT_EMIT_LOC_STRINGS = YES;
				SWIFT_VERSION = 5.0;
				TARGETED_DEVICE_FAMILY = "1,2";
			};
			name = Debug;
		};
		F6C7DB0127542B2000DC8027 /* Release */ = {
			isa = XCBuildConfiguration;
			baseConfigurationReference = 02551A9439392D93566C4D25 /* Pods-NetworkExercise.release.xcconfig */;
			buildSettings = {
				ASSETCATALOG_COMPILER_APPICON_NAME = AppIcon;
				ASSETCATALOG_COMPILER_GLOBAL_ACCENT_COLOR_NAME = AccentColor;
				CODE_SIGN_STYLE = Automatic;
				CURRENT_PROJECT_VERSION = 1;
				DEVELOPMENT_TEAM = RS46GZF8TU;
				GENERATE_INFOPLIST_FILE = YES;
				INFOPLIST_FILE = NetworkExercise/Info.plist;
				INFOPLIST_KEY_UIApplicationSupportsIndirectInputEvents = YES;
				INFOPLIST_KEY_UILaunchStoryboardName = LaunchScreen;
				INFOPLIST_KEY_UIMainStoryboardFile = Main;
				INFOPLIST_KEY_UISupportedInterfaceOrientations_iPad = "UIInterfaceOrientationPortrait UIInterfaceOrientationPortraitUpsideDown UIInterfaceOrientationLandscapeLeft UIInterfaceOrientationLandscapeRight";
				INFOPLIST_KEY_UISupportedInterfaceOrientations_iPhone = "UIInterfaceOrientationPortrait UIInterfaceOrientationLandscapeLeft UIInterfaceOrientationLandscapeRight";
				LD_RUNPATH_SEARCH_PATHS = (
					"$(inherited)",
					"@executable_path/Frameworks",
				);
				MARKETING_VERSION = 1.0;
				PRODUCT_BUNDLE_IDENTIFIER = "--------.NetworkExercise";
				PRODUCT_NAME = "$(TARGET_NAME)";
				SWIFT_EMIT_LOC_STRINGS = YES;
				SWIFT_VERSION = 5.0;
				TARGETED_DEVICE_FAMILY = "1,2";
			};
			name = Release;
		};
/* End XCBuildConfiguration section */

/* Begin XCConfigurationList section */
		F6C7DAE627542B1E00DC8027 /* Build configuration list for PBXProject "NetworkExercise" */ = {
			isa = XCConfigurationList;
			buildConfigurations = (
				F6C7DAFD27542B2000DC8027 /* Debug */,
				F6C7DAFE27542B2000DC8027 /* Release */,
			);
			defaultConfigurationIsVisible = 0;
			defaultConfigurationName = Release;
		};
		F6C7DAFF27542B2000DC8027 /* Build configuration list for PBXNativeTarget "NetworkExercise" */ = {
			isa = XCConfigurationList;
			buildConfigurations = (
				F6C7DB0027542B2000DC8027 /* Debug */,
				F6C7DB0127542B2000DC8027 /* Release */,
			);
			defaultConfigurationIsVisible = 0;
			defaultConfigurationName = Release;
		};
/* End XCConfigurationList section */
	};
	rootObject = F6C7DAE327542B1E00DC8027 /* Project object */;
}
