// !$*UTF8*$!
{
	archiveVersion = 1;
	classes = {
	};
	objectVersion = 55;
	objects = {

/* Begin PBXBuildFile section */
		F66BA35F27A4240000DDBC6F /* AppDelegate.swift in Sources */ = {isa = PBXBuildFile; fileRef = F66BA35E27A4240000DDBC6F /* AppDelegate.swift */; };
		F66BA36127A4240000DDBC6F /* SceneDelegate.swift in Sources */ = {isa = PBXBuildFile; fileRef = F66BA36027A4240000DDBC6F /* SceneDelegate.swift */; };
		F66BA36827A4240200DDBC6F /* Assets.xcassets in Resources */ = {isa = PBXBuildFile; fileRef = F66BA36727A4240200DDBC6F /* Assets.xcassets */; };
		F66BA36B27A4240200DDBC6F /* LaunchScreen.storyboard in Resources */ = {isa = PBXBuildFile; fileRef = F66BA36927A4240200DDBC6F /* LaunchScreen.storyboard */; };
		F66BA37A27A4D87900DDBC6F /* Main.storyboard in Resources */ = {isa = PBXBuildFile; fileRef = F66BA37927A4D87900DDBC6F /* Main.storyboard */; };
		F66BA37C27A4D88500DDBC6F /* MainViewController.swift in Sources */ = {isa = PBXBuildFile; fileRef = F66BA37B27A4D88500DDBC6F /* MainViewController.swift */; };
		F66BA38227A94DAA00DDBC6F /* AsyncView.storyboard in Resources */ = {isa = PBXBuildFile; fileRef = F66BA38127A94DAA00DDBC6F /* AsyncView.storyboard */; };
		F66BA38427A94DBA00DDBC6F /* AsyncViewController.swift in Sources */ = {isa = PBXBuildFile; fileRef = F66BA38327A94DBA00DDBC6F /* AsyncViewController.swift */; };
/* End PBXBuildFile section */

/* Begin PBXFileReference section */
		F66BA35B27A4240000DDBC6F /* MyPhotos.app */ = {isa = PBXFileReference; explicitFileType = wrapper.application; includeInIndex = 0; path = MyPhotos.app; sourceTree = BUILT_PRODUCTS_DIR; };
		F66BA35E27A4240000DDBC6F /* AppDelegate.swift */ = {isa = PBXFileReference; lastKnownFileType = sourcecode.swift; path = AppDelegate.swift; sourceTree = "<group>"; };
		F66BA36027A4240000DDBC6F /* SceneDelegate.swift */ = {isa = PBXFileReference; lastKnownFileType = sourcecode.swift; path = SceneDelegate.swift; sourceTree = "<group>"; };
		F66BA36727A4240200DDBC6F /* Assets.xcassets */ = {isa = PBXFileReference; lastKnownFileType = folder.assetcatalog; path = Assets.xcassets; sourceTree = "<group>"; };
		F66BA36A27A4240200DDBC6F /* Base */ = {isa = PBXFileReference; lastKnownFileType = file.storyboard; name = Base; path = Base.lproj/LaunchScreen.storyboard; sourceTree = "<group>"; };
		F66BA36C27A4240200DDBC6F /* Info.plist */ = {isa = PBXFileReference; lastKnownFileType = text.plist.xml; path = Info.plist; sourceTree = "<group>"; };
		F66BA37927A4D87900DDBC6F /* Main.storyboard */ = {isa = PBXFileReference; lastKnownFileType = file.storyboard; path = Main.storyboard; sourceTree = "<group>"; };
		F66BA37B27A4D88500DDBC6F /* MainViewController.swift */ = {isa = PBXFileReference; lastKnownFileType = sourcecode.swift; path = MainViewController.swift; sourceTree = "<group>"; };
		F66BA38127A94DAA00DDBC6F /* AsyncView.storyboard */ = {isa = PBXFileReference; lastKnownFileType = file.storyboard; path = AsyncView.storyboard; sourceTree = "<group>"; };
		F66BA38327A94DBA00DDBC6F /* AsyncViewController.swift */ = {isa = PBXFileReference; lastKnownFileType = sourcecode.swift; path = AsyncViewController.swift; sourceTree = "<group>"; };
/* End PBXFileReference section */

/* Begin PBXFrameworksBuildPhase section */
		F66BA35827A4240000DDBC6F /* Frameworks */ = {
			isa = PBXFrameworksBuildPhase;
			buildActionMask = 2147483647;
			files = (
			);
			runOnlyForDeploymentPostprocessing = 0;
		};
/* End PBXFrameworksBuildPhase section */

/* Begin PBXGroup section */
		F66BA35227A4240000DDBC6F = {
			isa = PBXGroup;
			children = (
				F66BA35D27A4240000DDBC6F /* MyPhotos */,
				F66BA35C27A4240000DDBC6F /* Products */,
			);
			sourceTree = "<group>";
		};
		F66BA35C27A4240000DDBC6F /* Products */ = {
			isa = PBXGroup;
			children = (
				F66BA35B27A4240000DDBC6F /* MyPhotos.app */,
			);
			name = Products;
			sourceTree = "<group>";
		};
		F66BA35D27A4240000DDBC6F /* MyPhotos */ = {
			isa = PBXGroup;
			children = (
				F66BA37227A4245900DDBC6F /* Application */,
				F66BA37327A4246700DDBC6F /* Presentation */,
				F66BA37727A4250100DDBC6F /* Resource */,
				F66BA37827A4252200DDBC6F /* Support */,
			);
			path = MyPhotos;
			sourceTree = "<group>";
		};
		F66BA37227A4245900DDBC6F /* Application */ = {
			isa = PBXGroup;
			children = (
				F66BA35E27A4240000DDBC6F /* AppDelegate.swift */,
				F66BA36027A4240000DDBC6F /* SceneDelegate.swift */,
			);
			path = Application;
			sourceTree = "<group>";
		};
		F66BA37327A4246700DDBC6F /* Presentation */ = {
			isa = PBXGroup;
			children = (
				F66BA37427A4247A00DDBC6F /* Models */,
				F66BA37627A424ED00DDBC6F /* Views */,
				F66BA37527A4248500DDBC6F /* Controllers */,
			);
			path = Presentation;
			sourceTree = "<group>";
		};
		F66BA37427A4247A00DDBC6F /* Models */ = {
			isa = PBXGroup;
			children = (
			);
			path = Models;
			sourceTree = "<group>";
		};
		F66BA37527A4248500DDBC6F /* Controllers */ = {
			isa = PBXGroup;
			children = (
				F66BA37B27A4D88500DDBC6F /* MainViewController.swift */,
				F66BA38327A94DBA00DDBC6F /* AsyncViewController.swift */,
			);
			path = Controllers;
			sourceTree = "<group>";
		};
		F66BA37627A424ED00DDBC6F /* Views */ = {
			isa = PBXGroup;
			children = (
				F66BA37927A4D87900DDBC6F /* Main.storyboard */,
				F66BA38127A94DAA00DDBC6F /* AsyncView.storyboard */,
			);
			path = Views;
			sourceTree = "<group>";
		};
		F66BA37727A4250100DDBC6F /* Resource */ = {
			isa = PBXGroup;
			children = (
				F66BA36927A4240200DDBC6F /* LaunchScreen.storyboard */,
				F66BA36727A4240200DDBC6F /* Assets.xcassets */,
			);
			path = Resource;
			sourceTree = "<group>";
		};
		F66BA37827A4252200DDBC6F /* Support */ = {
			isa = PBXGroup;
			children = (
				F66BA36C27A4240200DDBC6F /* Info.plist */,
			);
			path = Support;
			sourceTree = "<group>";
		};
/* End PBXGroup section */

/* Begin PBXNativeTarget section */
		F66BA35A27A4240000DDBC6F /* MyPhotos */ = {
			isa = PBXNativeTarget;
			buildConfigurationList = F66BA36F27A4240200DDBC6F /* Build configuration list for PBXNativeTarget "MyPhotos" */;
			buildPhases = (
				F66BA35727A4240000DDBC6F /* Sources */,
				F66BA35827A4240000DDBC6F /* Frameworks */,
				F66BA35927A4240000DDBC6F /* Resources */,
			);
			buildRules = (
			);
			dependencies = (
			);
			name = MyPhotos;
			productName = MyPhotos;
			productReference = F66BA35B27A4240000DDBC6F /* MyPhotos.app */;
			productType = "com.apple.product-type.application";
		};
/* End PBXNativeTarget section */

/* Begin PBXProject section */
		F66BA35327A4240000DDBC6F /* Project object */ = {
			isa = PBXProject;
			attributes = {
				BuildIndependentTargetsInParallel = 1;
				LastSwiftUpdateCheck = 1320;
				LastUpgradeCheck = 1320;
				TargetAttributes = {
					F66BA35A27A4240000DDBC6F = {
						CreatedOnToolsVersion = 13.2.1;
					};
				};
			};
			buildConfigurationList = F66BA35627A4240000DDBC6F /* Build configuration list for PBXProject "MyPhotos" */;
			compatibilityVersion = "Xcode 13.0";
			developmentRegion = en;
			hasScannedForEncodings = 0;
			knownRegions = (
				en,
				Base,
			);
			mainGroup = F66BA35227A4240000DDBC6F;
			productRefGroup = F66BA35C27A4240000DDBC6F /* Products */;
			projectDirPath = "";
			projectRoot = "";
			targets = (
				F66BA35A27A4240000DDBC6F /* MyPhotos */,
			);
		};
/* End PBXProject section */

/* Begin PBXResourcesBuildPhase section */
		F66BA35927A4240000DDBC6F /* Resources */ = {
			isa = PBXResourcesBuildPhase;
			buildActionMask = 2147483647;
			files = (
				F66BA38227A94DAA00DDBC6F /* AsyncView.storyboard in Resources */,
				F66BA37A27A4D87900DDBC6F /* Main.storyboard in Resources */,
				F66BA36B27A4240200DDBC6F /* LaunchScreen.storyboard in Resources */,
				F66BA36827A4240200DDBC6F /* Assets.xcassets in Resources */,
			);
			runOnlyForDeploymentPostprocessing = 0;
		};
/* End PBXResourcesBuildPhase section */

/* Begin PBXSourcesBuildPhase section */
		F66BA35727A4240000DDBC6F /* Sources */ = {
			isa = PBXSourcesBuildPhase;
			buildActionMask = 2147483647;
			files = (
				F66BA37C27A4D88500DDBC6F /* MainViewController.swift in Sources */,
				F66BA38427A94DBA00DDBC6F /* AsyncViewController.swift in Sources */,
				F66BA35F27A4240000DDBC6F /* AppDelegate.swift in Sources */,
				F66BA36127A4240000DDBC6F /* SceneDelegate.swift in Sources */,
			);
			runOnlyForDeploymentPostprocessing = 0;
		};
/* End PBXSourcesBuildPhase section */

/* Begin PBXVariantGroup section */
		F66BA36927A4240200DDBC6F /* LaunchScreen.storyboard */ = {
			isa = PBXVariantGroup;
			children = (
				F66BA36A27A4240200DDBC6F /* Base */,
			);
			name = LaunchScreen.storyboard;
			sourceTree = "<group>";
		};
/* End PBXVariantGroup section */

/* Begin XCBuildConfiguration section */
		F66BA36D27A4240200DDBC6F /* Debug */ = {
			isa = XCBuildConfiguration;
			buildSettings = {
				ALWAYS_SEARCH_USER_PATHS = NO;
				CLANG_ANALYZER_NONNULL = YES;
				CLANG_ANALYZER_NUMBER_OBJECT_CONVERSION = YES_AGGRESSIVE;
				CLANG_CXX_LANGUAGE_STANDARD = "gnu++17";
				CLANG_CXX_LIBRARY = "libc++";
				CLANG_ENABLE_MODULES = YES;
				CLANG_ENABLE_OBJC_ARC = YES;
				CLANG_ENABLE_OBJC_WEAK = YES;
				CLANG_WARN_BLOCK_CAPTURE_AUTORELEASING = YES;
				CLANG_WARN_BOOL_CONVERSION = YES;
				CLANG_WARN_COMMA = YES;
				CLANG_WARN_CONSTANT_CONVERSION = YES;
				CLANG_WARN_DEPRECATED_OBJC_IMPLEMENTATIONS = YES;
				CLANG_WARN_DIRECT_OBJC_ISA_USAGE = YES_ERROR;
				CLANG_WARN_DOCUMENTATION_COMMENTS = YES;
				CLANG_WARN_EMPTY_BODY = YES;
				CLANG_WARN_ENUM_CONVERSION = YES;
				CLANG_WARN_INFINITE_RECURSION = YES;
				CLANG_WARN_INT_CONVERSION = YES;
				CLANG_WARN_NON_LITERAL_NULL_CONVERSION = YES;
				CLANG_WARN_OBJC_IMPLICIT_RETAIN_SELF = YES;
				CLANG_WARN_OBJC_LITERAL_CONVERSION = YES;
				CLANG_WARN_OBJC_ROOT_CLASS = YES_ERROR;
				CLANG_WARN_QUOTED_INCLUDE_IN_FRAMEWORK_HEADER = YES;
				CLANG_WARN_RANGE_LOOP_ANALYSIS = YES;
				CLANG_WARN_STRICT_PROTOTYPES = YES;
				CLANG_WARN_SUSPICIOUS_MOVE = YES;
				CLANG_WARN_UNGUARDED_AVAILABILITY = YES_AGGRESSIVE;
				CLANG_WARN_UNREACHABLE_CODE = YES;
				CLANG_WARN__DUPLICATE_METHOD_MATCH = YES;
				COPY_PHASE_STRIP = NO;
				DEBUG_INFORMATION_FORMAT = dwarf;
				ENABLE_STRICT_OBJC_MSGSEND = YES;
				ENABLE_TESTABILITY = YES;
				GCC_C_LANGUAGE_STANDARD = gnu11;
				GCC_DYNAMIC_NO_PIC = NO;
				GCC_NO_COMMON_BLOCKS = YES;
				GCC_OPTIMIZATION_LEVEL = 0;
				GCC_PREPROCESSOR_DEFINITIONS = (
					"DEBUG=1",
					"$(inherited)",
				);
				GCC_WARN_64_TO_32_BIT_CONVERSION = YES;
				GCC_WARN_ABOUT_RETURN_TYPE = YES_ERROR;
				GCC_WARN_UNDECLARED_SELECTOR = YES;
				GCC_WARN_UNINITIALIZED_AUTOS = YES_AGGRESSIVE;
				GCC_WARN_UNUSED_FUNCTION = YES;
				GCC_WARN_UNUSED_VARIABLE = YES;
				IPHONEOS_DEPLOYMENT_TARGET = 15.2;
				MTL_ENABLE_DEBUG_INFO = INCLUDE_SOURCE;
				MTL_FAST_MATH = YES;
				ONLY_ACTIVE_ARCH = YES;
				SDKROOT = iphoneos;
				SWIFT_ACTIVE_COMPILATION_CONDITIONS = DEBUG;
				SWIFT_OPTIMIZATION_LEVEL = "-Onone";
			};
			name = Debug;
		};
		F66BA36E27A4240200DDBC6F /* Release */ = {
			isa = XCBuildConfiguration;
			buildSettings = {
				ALWAYS_SEARCH_USER_PATHS = NO;
				CLANG_ANALYZER_NONNULL = YES;
				CLANG_ANALYZER_NUMBER_OBJECT_CONVERSION = YES_AGGRESSIVE;
				CLANG_CXX_LANGUAGE_STANDARD = "gnu++17";
				CLANG_CXX_LIBRARY = "libc++";
				CLANG_ENABLE_MODULES = YES;
				CLANG_ENABLE_OBJC_ARC = YES;
				CLANG_ENABLE_OBJC_WEAK = YES;
				CLANG_WARN_BLOCK_CAPTURE_AUTORELEASING = YES;
				CLANG_WARN_BOOL_CONVERSION = YES;
				CLANG_WARN_COMMA = YES;
				CLANG_WARN_CONSTANT_CONVERSION = YES;
				CLANG_WARN_DEPRECATED_OBJC_IMPLEMENTATIONS = YES;
				CLANG_WARN_DIRECT_OBJC_ISA_USAGE = YES_ERROR;
				CLANG_WARN_DOCUMENTATION_COMMENTS = YES;
				CLANG_WARN_EMPTY_BODY = YES;
				CLANG_WARN_ENUM_CONVERSION = YES;
				CLANG_WARN_INFINITE_RECURSION = YES;
				CLANG_WARN_INT_CONVERSION = YES;
				CLANG_WARN_NON_LITERAL_NULL_CONVERSION = YES;
				CLANG_WARN_OBJC_IMPLICIT_RETAIN_SELF = YES;
				CLANG_WARN_OBJC_LITERAL_CONVERSION = YES;
				CLANG_WARN_OBJC_ROOT_CLASS = YES_ERROR;
				CLANG_WARN_QUOTED_INCLUDE_IN_FRAMEWORK_HEADER = YES;
				CLANG_WARN_RANGE_LOOP_ANALYSIS = YES;
				CLANG_WARN_STRICT_PROTOTYPES = YES;
				CLANG_WARN_SUSPICIOUS_MOVE = YES;
				CLANG_WARN_UNGUARDED_AVAILABILITY = YES_AGGRESSIVE;
				CLANG_WARN_UNREACHABLE_CODE = YES;
				CLANG_WARN__DUPLICATE_METHOD_MATCH = YES;
				COPY_PHASE_STRIP = NO;
				DEBUG_INFORMATION_FORMAT = "dwarf-with-dsym";
				ENABLE_NS_ASSERTIONS = NO;
				ENABLE_STRICT_OBJC_MSGSEND = YES;
				GCC_C_LANGUAGE_STANDARD = gnu11;
				GCC_NO_COMMON_BLOCKS = YES;
				GCC_WARN_64_TO_32_BIT_CONVERSION = YES;
				GCC_WARN_ABOUT_RETURN_TYPE = YES_ERROR;
				GCC_WARN_UNDECLARED_SELECTOR = YES;
				GCC_WARN_UNINITIALIZED_AUTOS = YES_AGGRESSIVE;
				GCC_WARN_UNUSED_FUNCTION = YES;
				GCC_WARN_UNUSED_VARIABLE = YES;
				IPHONEOS_DEPLOYMENT_TARGET = 15.2;
				MTL_ENABLE_DEBUG_INFO = NO;
				MTL_FAST_MATH = YES;
				SDKROOT = iphoneos;
				SWIFT_COMPILATION_MODE = wholemodule;
				SWIFT_OPTIMIZATION_LEVEL = "-O";
				VALIDATE_PRODUCT = YES;
			};
			name = Release;
		};
		F66BA37027A4240200DDBC6F /* Debug */ = {
			isa = XCBuildConfiguration;
			buildSettings = {
				ASSETCATALOG_COMPILER_APPICON_NAME = AppIcon;
				ASSETCATALOG_COMPILER_GLOBAL_ACCENT_COLOR_NAME = AccentColor;
				CODE_SIGN_STYLE = Automatic;
				CURRENT_PROJECT_VERSION = 1;
				DEVELOPMENT_TEAM = RS46GZF8TU;
				GENERATE_INFOPLIST_FILE = YES;
				INFOPLIST_FILE = MyPhotos/Support/Info.plist;
				INFOPLIST_KEY_UIApplicationSupportsIndirectInputEvents = YES;
				INFOPLIST_KEY_UILaunchStoryboardName = LaunchScreen;
				INFOPLIST_KEY_UIMainStoryboardFile = Main;
				INFOPLIST_KEY_UISupportedInterfaceOrientations_iPad = "UIInterfaceOrientationPortrait UIInterfaceOrientationPortraitUpsideDown UIInterfaceOrientationLandscapeLeft UIInterfaceOrientationLandscapeRight";
				INFOPLIST_KEY_UISupportedInterfaceOrientations_iPhone = "UIInterfaceOrientationPortrait UIInterfaceOrientationLandscapeLeft UIInterfaceOrientationLandscapeRight";
				LD_RUNPATH_SEARCH_PATHS = (
					"$(inherited)",
					"@executable_path/Frameworks",
				);
				MARKETING_VERSION = 1.0;
				PRODUCT_BUNDLE_IDENTIFIER = "--------.MyPhotos";
				PRODUCT_NAME = "$(TARGET_NAME)";
				SWIFT_EMIT_LOC_STRINGS = YES;
				SWIFT_VERSION = 5.0;
				TARGETED_DEVICE_FAMILY = "1,2";
			};
			name = Debug;
		};
		F66BA37127A4240200DDBC6F /* Release */ = {
			isa = XCBuildConfiguration;
			buildSettings = {
				ASSETCATALOG_COMPILER_APPICON_NAME = AppIcon;
				ASSETCATALOG_COMPILER_GLOBAL_ACCENT_COLOR_NAME = AccentColor;
				CODE_SIGN_STYLE = Automatic;
				CURRENT_PROJECT_VERSION = 1;
				DEVELOPMENT_TEAM = RS46GZF8TU;
				GENERATE_INFOPLIST_FILE = YES;
				INFOPLIST_FILE = MyPhotos/Support/Info.plist;
				INFOPLIST_KEY_UIApplicationSupportsIndirectInputEvents = YES;
				INFOPLIST_KEY_UILaunchStoryboardName = LaunchScreen;
				INFOPLIST_KEY_UIMainStoryboardFile = Main;
				INFOPLIST_KEY_UISupportedInterfaceOrientations_iPad = "UIInterfaceOrientationPortrait UIInterfaceOrientationPortraitUpsideDown UIInterfaceOrientationLandscapeLeft UIInterfaceOrientationLandscapeRight";
				INFOPLIST_KEY_UISupportedInterfaceOrientations_iPhone = "UIInterfaceOrientationPortrait UIInterfaceOrientationLandscapeLeft UIInterfaceOrientationLandscapeRight";
				LD_RUNPATH_SEARCH_PATHS = (
					"$(inherited)",
					"@executable_path/Frameworks",
				);
				MARKETING_VERSION = 1.0;
				PRODUCT_BUNDLE_IDENTIFIER = "--------.MyPhotos";
				PRODUCT_NAME = "$(TARGET_NAME)";
				SWIFT_EMIT_LOC_STRINGS = YES;
				SWIFT_VERSION = 5.0;
				TARGETED_DEVICE_FAMILY = "1,2";
			};
			name = Release;
		};
/* End XCBuildConfiguration section */

/* Begin XCConfigurationList section */
		F66BA35627A4240000DDBC6F /* Build configuration list for PBXProject "MyPhotos" */ = {
			isa = XCConfigurationList;
			buildConfigurations = (
				F66BA36D27A4240200DDBC6F /* Debug */,
				F66BA36E27A4240200DDBC6F /* Release */,
			);
			defaultConfigurationIsVisible = 0;
			defaultConfigurationName = Release;
		};
		F66BA36F27A4240200DDBC6F /* Build configuration list for PBXNativeTarget "MyPhotos" */ = {
			isa = XCConfigurationList;
			buildConfigurations = (
				F66BA37027A4240200DDBC6F /* Debug */,
				F66BA37127A4240200DDBC6F /* Release */,
			);
			defaultConfigurationIsVisible = 0;
			defaultConfigurationName = Release;
		};
/* End XCConfigurationList section */
	};
	rootObject = F66BA35327A4240000DDBC6F /* Project object */;
}
