// !$*UTF8*$!
{
	archiveVersion = 1;
	classes = {
	};
	objectVersion = 55;
	objects = {

/* Begin PBXBuildFile section */
		ECF0765B13E7883E0FFFCB6F /* Pods_UI.framework in Frameworks */ = {isa = PBXBuildFile; fileRef = 89635E83C941D5E6DB3B80A4 /* Pods_UI.framework */; };
		F60501EA27ACB2320010DEC8 /* ViewController.swift in Sources */ = {isa = PBXBuildFile; fileRef = F60501E927ACB2320010DEC8 /* ViewController.swift */; };
		F60501EE27ACB2E50010DEC8 /* BaseViewController.swift in Sources */ = {isa = PBXBuildFile; fileRef = F60501ED27ACB2E50010DEC8 /* BaseViewController.swift */; };
		F60501F427AD32CE0010DEC8 /* String+Extension.swift in Sources */ = {isa = PBXBuildFile; fileRef = F60501F327AD32CE0010DEC8 /* String+Extension.swift */; };
		F60501F627AD33480010DEC8 /* UIStackView+Extension.swift in Sources */ = {isa = PBXBuildFile; fileRef = F60501F527AD33480010DEC8 /* UIStackView+Extension.swift */; };
		F60501F827AD33E10010DEC8 /* UITextField+Extension.swift in Sources */ = {isa = PBXBuildFile; fileRef = F60501F727AD33E10010DEC8 /* UITextField+Extension.swift */; };
		F605020327AE31A20010DEC8 /* RoundButton.swift in Sources */ = {isa = PBXBuildFile; fileRef = F605020227AE31A20010DEC8 /* RoundButton.swift */; };
		F605022E27B63B390010DEC8 /* DynamicSizingModel.swift in Sources */ = {isa = PBXBuildFile; fileRef = F605022D27B63B390010DEC8 /* DynamicSizingModel.swift */; };
		F605023427B63D750010DEC8 /* DynamicSizingTableViewCell.swift in Sources */ = {isa = PBXBuildFile; fileRef = F605023227B63D750010DEC8 /* DynamicSizingTableViewCell.swift */; };
		F605023527B63D750010DEC8 /* DynamicSizingTableViewCell.xib in Resources */ = {isa = PBXBuildFile; fileRef = F605023327B63D750010DEC8 /* DynamicSizingTableViewCell.xib */; };
		F605023827B6417B0010DEC8 /* DynamicSizingViewController.swift in Sources */ = {isa = PBXBuildFile; fileRef = F605023627B6417B0010DEC8 /* DynamicSizingViewController.swift */; };
		F605023927B6417B0010DEC8 /* DynamicSizingViewController.xib in Resources */ = {isa = PBXBuildFile; fileRef = F605023727B6417B0010DEC8 /* DynamicSizingViewController.xib */; };
		F692767327846BBA0004071F /* AppDelegate.swift in Sources */ = {isa = PBXBuildFile; fileRef = F692767227846BBA0004071F /* AppDelegate.swift */; };
		F692767527846BBA0004071F /* SceneDelegate.swift in Sources */ = {isa = PBXBuildFile; fileRef = F692767427846BBA0004071F /* SceneDelegate.swift */; };
		F692767C27846BBC0004071F /* Assets.xcassets in Resources */ = {isa = PBXBuildFile; fileRef = F692767B27846BBC0004071F /* Assets.xcassets */; };
		F692767F27846BBC0004071F /* LaunchScreen.storyboard in Resources */ = {isa = PBXBuildFile; fileRef = F692767D27846BBC0004071F /* LaunchScreen.storyboard */; };
		F692D0392858710F00C64630 /* Reusable.swift in Sources */ = {isa = PBXBuildFile; fileRef = F692D0382858710F00C64630 /* Reusable.swift */; };
		F692D03B2858727700C64630 /* BaseView.swift in Sources */ = {isa = PBXBuildFile; fileRef = F692D03A2858727700C64630 /* BaseView.swift */; };
		F692D03D285873F500C64630 /* UICollectionViewCell+Extension.swift in Sources */ = {isa = PBXBuildFile; fileRef = F692D03C285873F500C64630 /* UICollectionViewCell+Extension.swift */; };
		F693C7B52785EDA700F773CA /* CutstomNavigationBar.swift in Sources */ = {isa = PBXBuildFile; fileRef = F693C7B42785EDA700F773CA /* CutstomNavigationBar.swift */; };
		F693C7B72785EDB900F773CA /* CustomNavigationBar.xib in Resources */ = {isa = PBXBuildFile; fileRef = F693C7B62785EDB900F773CA /* CustomNavigationBar.xib */; };
		F6BC99F527D4576E00274FAF /* MovieViewController.swift in Sources */ = {isa = PBXBuildFile; fileRef = F6BC99F427D4576E00274FAF /* MovieViewController.swift */; };
		F6BC99F727D4577E00274FAF /* MovieView.swift in Sources */ = {isa = PBXBuildFile; fileRef = F6BC99F627D4577E00274FAF /* MovieView.swift */; };
		F6BC99FC27D4AADA00274FAF /* AnimationButton.swift in Sources */ = {isa = PBXBuildFile; fileRef = F6BC99FB27D4AADA00274FAF /* AnimationButton.swift */; };
		F6BC9A5B27DBA17800274FAF /* HomeViewController.swift in Sources */ = {isa = PBXBuildFile; fileRef = F6BC9A5A27DBA17800274FAF /* HomeViewController.swift */; };
		F6BC9A5E27DBA1C000274FAF /* HomeView.swift in Sources */ = {isa = PBXBuildFile; fileRef = F6BC9A5D27DBA1C000274FAF /* HomeView.swift */; };
		F6BC9A6127DC73C500274FAF /* Content.plist in Resources */ = {isa = PBXBuildFile; fileRef = F6BC9A6027DC73C500274FAF /* Content.plist */; };
		F6BC9A6327DC73FA00274FAF /* Content.swift in Sources */ = {isa = PBXBuildFile; fileRef = F6BC9A6227DC73FA00274FAF /* Content.swift */; };
		F6BC9A6527DC7C8600274FAF /* ContentCollectionViewCell.swift in Sources */ = {isa = PBXBuildFile; fileRef = F6BC9A6427DC7C8600274FAF /* ContentCollectionViewCell.swift */; };
		F6BC9A6827DC9EC700274FAF /* ContentHeaderView.swift in Sources */ = {isa = PBXBuildFile; fileRef = F6BC9A6727DC9EC700274FAF /* ContentHeaderView.swift */; };
		F6EA7450281D009F00163B2E /* EasyTipSampleView.swift in Sources */ = {isa = PBXBuildFile; fileRef = F6EA744F281D009F00163B2E /* EasyTipSampleView.swift */; };
		F6EA7452281D00A800163B2E /* EasyTipViewSampleController.swift in Sources */ = {isa = PBXBuildFile; fileRef = F6EA7451281D00A800163B2E /* EasyTipViewSampleController.swift */; };
		F6F62819281C2BAE006BDF67 /* ViewPresentable.swift in Sources */ = {isa = PBXBuildFile; fileRef = F6F62818281C2BAE006BDF67 /* ViewPresentable.swift */; };
/* End PBXBuildFile section */

/* Begin PBXFileReference section */
		661FA0878EFC52499296E030 /* Pods-UI.release.xcconfig */ = {isa = PBXFileReference; includeInIndex = 1; lastKnownFileType = text.xcconfig; name = "Pods-UI.release.xcconfig"; path = "Target Support Files/Pods-UI/Pods-UI.release.xcconfig"; sourceTree = "<group>"; };
		68AD387DC5097110688C46BB /* Pods-UI.debug.xcconfig */ = {isa = PBXFileReference; includeInIndex = 1; lastKnownFileType = text.xcconfig; name = "Pods-UI.debug.xcconfig"; path = "Target Support Files/Pods-UI/Pods-UI.debug.xcconfig"; sourceTree = "<group>"; };
		89635E83C941D5E6DB3B80A4 /* Pods_UI.framework */ = {isa = PBXFileReference; explicitFileType = wrapper.framework; includeInIndex = 0; path = Pods_UI.framework; sourceTree = BUILT_PRODUCTS_DIR; };
		F60501E927ACB2320010DEC8 /* ViewController.swift */ = {isa = PBXFileReference; lastKnownFileType = sourcecode.swift; path = ViewController.swift; sourceTree = "<group>"; };
		F60501ED27ACB2E50010DEC8 /* BaseViewController.swift */ = {isa = PBXFileReference; lastKnownFileType = sourcecode.swift; path = BaseViewController.swift; sourceTree = "<group>"; };
		F60501F327AD32CE0010DEC8 /* String+Extension.swift */ = {isa = PBXFileReference; lastKnownFileType = sourcecode.swift; path = "String+Extension.swift"; sourceTree = "<group>"; };
		F60501F527AD33480010DEC8 /* UIStackView+Extension.swift */ = {isa = PBXFileReference; lastKnownFileType = sourcecode.swift; path = "UIStackView+Extension.swift"; sourceTree = "<group>"; };
		F60501F727AD33E10010DEC8 /* UITextField+Extension.swift */ = {isa = PBXFileReference; lastKnownFileType = sourcecode.swift; path = "UITextField+Extension.swift"; sourceTree = "<group>"; };
		F605020227AE31A20010DEC8 /* RoundButton.swift */ = {isa = PBXFileReference; lastKnownFileType = sourcecode.swift; path = RoundButton.swift; sourceTree = "<group>"; };
		F605022D27B63B390010DEC8 /* DynamicSizingModel.swift */ = {isa = PBXFileReference; lastKnownFileType = sourcecode.swift; path = DynamicSizingModel.swift; sourceTree = "<group>"; };
		F605023227B63D750010DEC8 /* DynamicSizingTableViewCell.swift */ = {isa = PBXFileReference; lastKnownFileType = sourcecode.swift; path = DynamicSizingTableViewCell.swift; sourceTree = "<group>"; };
		F605023327B63D750010DEC8 /* DynamicSizingTableViewCell.xib */ = {isa = PBXFileReference; lastKnownFileType = file.xib; path = DynamicSizingTableViewCell.xib; sourceTree = "<group>"; };
		F605023627B6417B0010DEC8 /* DynamicSizingViewController.swift */ = {isa = PBXFileReference; lastKnownFileType = sourcecode.swift; path = DynamicSizingViewController.swift; sourceTree = "<group>"; };
		F605023727B6417B0010DEC8 /* DynamicSizingViewController.xib */ = {isa = PBXFileReference; lastKnownFileType = file.xib; path = DynamicSizingViewController.xib; sourceTree = "<group>"; };
		F689455B27869F8C00F22187 /* Info.plist */ = {isa = PBXFileReference; lastKnownFileType = text.plist.xml; path = Info.plist; sourceTree = "<group>"; };
		F692766F27846BBA0004071F /* UI.app */ = {isa = PBXFileReference; explicitFileType = wrapper.application; includeInIndex = 0; path = UI.app; sourceTree = BUILT_PRODUCTS_DIR; };
		F692767227846BBA0004071F /* AppDelegate.swift */ = {isa = PBXFileReference; lastKnownFileType = sourcecode.swift; path = AppDelegate.swift; sourceTree = "<group>"; };
		F692767427846BBA0004071F /* SceneDelegate.swift */ = {isa = PBXFileReference; lastKnownFileType = sourcecode.swift; path = SceneDelegate.swift; sourceTree = "<group>"; };
		F692767B27846BBC0004071F /* Assets.xcassets */ = {isa = PBXFileReference; lastKnownFileType = folder.assetcatalog; path = Assets.xcassets; sourceTree = "<group>"; };
		F692767E27846BBC0004071F /* Base */ = {isa = PBXFileReference; lastKnownFileType = file.storyboard; name = Base; path = Base.lproj/LaunchScreen.storyboard; sourceTree = "<group>"; };
		F692D0382858710F00C64630 /* Reusable.swift */ = {isa = PBXFileReference; lastKnownFileType = sourcecode.swift; path = Reusable.swift; sourceTree = "<group>"; };
		F692D03A2858727700C64630 /* BaseView.swift */ = {isa = PBXFileReference; lastKnownFileType = sourcecode.swift; path = BaseView.swift; sourceTree = "<group>"; };
		F692D03C285873F500C64630 /* UICollectionViewCell+Extension.swift */ = {isa = PBXFileReference; lastKnownFileType = sourcecode.swift; path = "UICollectionViewCell+Extension.swift"; sourceTree = "<group>"; };
		F693C7B42785EDA700F773CA /* CutstomNavigationBar.swift */ = {isa = PBXFileReference; lastKnownFileType = sourcecode.swift; path = CutstomNavigationBar.swift; sourceTree = "<group>"; };
		F693C7B62785EDB900F773CA /* CustomNavigationBar.xib */ = {isa = PBXFileReference; lastKnownFileType = file.xib; path = CustomNavigationBar.xib; sourceTree = "<group>"; };
		F6BC99F427D4576E00274FAF /* MovieViewController.swift */ = {isa = PBXFileReference; lastKnownFileType = sourcecode.swift; path = MovieViewController.swift; sourceTree = "<group>"; };
		F6BC99F627D4577E00274FAF /* MovieView.swift */ = {isa = PBXFileReference; lastKnownFileType = sourcecode.swift; path = MovieView.swift; sourceTree = "<group>"; };
		F6BC99FB27D4AADA00274FAF /* AnimationButton.swift */ = {isa = PBXFileReference; lastKnownFileType = sourcecode.swift; path = AnimationButton.swift; sourceTree = "<group>"; };
		F6BC9A5A27DBA17800274FAF /* HomeViewController.swift */ = {isa = PBXFileReference; lastKnownFileType = sourcecode.swift; path = HomeViewController.swift; sourceTree = "<group>"; };
		F6BC9A5D27DBA1C000274FAF /* HomeView.swift */ = {isa = PBXFileReference; lastKnownFileType = sourcecode.swift; path = HomeView.swift; sourceTree = "<group>"; };
		F6BC9A6027DC73C500274FAF /* Content.plist */ = {isa = PBXFileReference; fileEncoding = 4; lastKnownFileType = text.plist.xml; path = Content.plist; sourceTree = "<group>"; };
		F6BC9A6227DC73FA00274FAF /* Content.swift */ = {isa = PBXFileReference; lastKnownFileType = sourcecode.swift; path = Content.swift; sourceTree = "<group>"; };
		F6BC9A6427DC7C8600274FAF /* ContentCollectionViewCell.swift */ = {isa = PBXFileReference; lastKnownFileType = sourcecode.swift; path = ContentCollectionViewCell.swift; sourceTree = "<group>"; };
		F6BC9A6727DC9EC700274FAF /* ContentHeaderView.swift */ = {isa = PBXFileReference; lastKnownFileType = sourcecode.swift; path = ContentHeaderView.swift; sourceTree = "<group>"; };
		F6EA744F281D009F00163B2E /* EasyTipSampleView.swift */ = {isa = PBXFileReference; lastKnownFileType = sourcecode.swift; path = EasyTipSampleView.swift; sourceTree = "<group>"; };
		F6EA7451281D00A800163B2E /* EasyTipViewSampleController.swift */ = {isa = PBXFileReference; lastKnownFileType = sourcecode.swift; path = EasyTipViewSampleController.swift; sourceTree = "<group>"; };
		F6F62818281C2BAE006BDF67 /* ViewPresentable.swift */ = {isa = PBXFileReference; lastKnownFileType = sourcecode.swift; path = ViewPresentable.swift; sourceTree = "<group>"; };
/* End PBXFileReference section */

/* Begin PBXFrameworksBuildPhase section */
		F692766C27846BBA0004071F /* Frameworks */ = {
			isa = PBXFrameworksBuildPhase;
			buildActionMask = 2147483647;
			files = (
				ECF0765B13E7883E0FFFCB6F /* Pods_UI.framework in Frameworks */,
			);
			runOnlyForDeploymentPostprocessing = 0;
		};
/* End PBXFrameworksBuildPhase section */

/* Begin PBXGroup section */
		2A362C89E10DAD49BD8B05A0 /* Pods */ = {
			isa = PBXGroup;
			children = (
				68AD387DC5097110688C46BB /* Pods-UI.debug.xcconfig */,
				661FA0878EFC52499296E030 /* Pods-UI.release.xcconfig */,
			);
			path = Pods;
			sourceTree = "<group>";
		};
		5DEC037F835A521FCBFB5853 /* Frameworks */ = {
			isa = PBXGroup;
			children = (
				89635E83C941D5E6DB3B80A4 /* Pods_UI.framework */,
			);
			name = Frameworks;
			sourceTree = "<group>";
		};
		F60501E627ACB1880010DEC8 /* Presentation */ = {
			isa = PBXGroup;
			children = (
				F6EA744D281D006D00163B2E /* ToolTip */,
				F60501EC27ACB2DD0010DEC8 /* Common */,
				F6BC9A5027DAFCD200274FAF /* DynamicSizing */,
				F6BC9A5627DBA10F00274FAF /* Flow+CompositionalLayout */,
				F6BC9A4D27DAFC8800274FAF /* Etc */,
			);
			path = Presentation;
			sourceTree = "<group>";
		};
		F60501E727ACB19D0010DEC8 /* Resource */ = {
			isa = PBXGroup;
			children = (
				F692767D27846BBC0004071F /* LaunchScreen.storyboard */,
				F692767B27846BBC0004071F /* Assets.xcassets */,
			);
			path = Resource;
			sourceTree = "<group>";
		};
		F60501E827ACB1AF0010DEC8 /* Support */ = {
			isa = PBXGroup;
			children = (
				F6BC9A6027DC73C500274FAF /* Content.plist */,
				F689455B27869F8C00F22187 /* Info.plist */,
			);
			path = Support;
			sourceTree = "<group>";
		};
		F60501EC27ACB2DD0010DEC8 /* Common */ = {
			isa = PBXGroup;
			children = (
				F605020227AE31A20010DEC8 /* RoundButton.swift */,
				F692D03A2858727700C64630 /* BaseView.swift */,
				F6BC99FB27D4AADA00274FAF /* AnimationButton.swift */,
				F60501ED27ACB2E50010DEC8 /* BaseViewController.swift */,
			);
			path = Common;
			sourceTree = "<group>";
		};
		F60501EF27AD32480010DEC8 /* Common */ = {
			isa = PBXGroup;
			children = (
				F60501F027AD324C0010DEC8 /* Extension */,
				F6BC99FD27D4AB6700274FAF /* Protocol */,
			);
			path = Common;
			sourceTree = "<group>";
		};
		F60501F027AD324C0010DEC8 /* Extension */ = {
			isa = PBXGroup;
			children = (
				F60501F327AD32CE0010DEC8 /* String+Extension.swift */,
				F60501F527AD33480010DEC8 /* UIStackView+Extension.swift */,
				F60501F727AD33E10010DEC8 /* UITextField+Extension.swift */,
				F692D03C285873F500C64630 /* UICollectionViewCell+Extension.swift */,
			);
			path = Extension;
			sourceTree = "<group>";
		};
		F605022C27B63B2E0010DEC8 /* Models */ = {
			isa = PBXGroup;
			children = (
				F605022D27B63B390010DEC8 /* DynamicSizingModel.swift */,
			);
			path = Models;
			sourceTree = "<group>";
		};
		F692766627846BBA0004071F = {
			isa = PBXGroup;
			children = (
				F692767127846BBA0004071F /* UI */,
				F692767027846BBA0004071F /* Products */,
				2A362C89E10DAD49BD8B05A0 /* Pods */,
				5DEC037F835A521FCBFB5853 /* Frameworks */,
			);
			sourceTree = "<group>";
		};
		F692767027846BBA0004071F /* Products */ = {
			isa = PBXGroup;
			children = (
				F692766F27846BBA0004071F /* UI.app */,
			);
			name = Products;
			sourceTree = "<group>";
		};
		F692767127846BBA0004071F /* UI */ = {
			isa = PBXGroup;
			children = (
				F60501EF27AD32480010DEC8 /* Common */,
				F692768627846BC90004071F /* Application */,
				F60501E627ACB1880010DEC8 /* Presentation */,
				F60501E727ACB19D0010DEC8 /* Resource */,
				F60501E827ACB1AF0010DEC8 /* Support */,
			);
			path = UI;
			sourceTree = "<group>";
		};
		F692768627846BC90004071F /* Application */ = {
			isa = PBXGroup;
			children = (
				F692767227846BBA0004071F /* AppDelegate.swift */,
				F692767427846BBA0004071F /* SceneDelegate.swift */,
			);
			path = Application;
			sourceTree = "<group>";
		};
		F6BC99FD27D4AB6700274FAF /* Protocol */ = {
			isa = PBXGroup;
			children = (
				F6F62818281C2BAE006BDF67 /* ViewPresentable.swift */,
				F692D0382858710F00C64630 /* Reusable.swift */,
			);
			path = Protocol;
			sourceTree = "<group>";
		};
		F6BC9A4D27DAFC8800274FAF /* Etc */ = {
			isa = PBXGroup;
			children = (
				F6BC9A4E27DAFC9A00274FAF /* Views */,
				F6BC9A4F27DAFCC500274FAF /* Controllers */,
			);
			path = Etc;
			sourceTree = "<group>";
		};
		F6BC9A4E27DAFC9A00274FAF /* Views */ = {
			isa = PBXGroup;
			children = (
				F6BC99F627D4577E00274FAF /* MovieView.swift */,
				F693C7B62785EDB900F773CA /* CustomNavigationBar.xib */,
				F693C7B42785EDA700F773CA /* CutstomNavigationBar.swift */,
			);
			path = Views;
			sourceTree = "<group>";
		};
		F6BC9A4F27DAFCC500274FAF /* Controllers */ = {
			isa = PBXGroup;
			children = (
				F6BC99F427D4576E00274FAF /* MovieViewController.swift */,
				F60501E927ACB2320010DEC8 /* ViewController.swift */,
			);
			path = Controllers;
			sourceTree = "<group>";
		};
		F6BC9A5027DAFCD200274FAF /* DynamicSizing */ = {
			isa = PBXGroup;
			children = (
				F605022C27B63B2E0010DEC8 /* Models */,
				F6BC9A5227DAFCF900274FAF /* Views */,
				F6BC9A5327DAFD0900274FAF /* Controllers */,
			);
			path = DynamicSizing;
			sourceTree = "<group>";
		};
		F6BC9A5127DAFCD800274FAF /* Cells */ = {
			isa = PBXGroup;
			children = (
				F605023227B63D750010DEC8 /* DynamicSizingTableViewCell.swift */,
				F605023327B63D750010DEC8 /* DynamicSizingTableViewCell.xib */,
			);
			path = Cells;
			sourceTree = "<group>";
		};
		F6BC9A5227DAFCF900274FAF /* Views */ = {
			isa = PBXGroup;
			children = (
				F6BC9A5127DAFCD800274FAF /* Cells */,
				F605023727B6417B0010DEC8 /* DynamicSizingViewController.xib */,
			);
			path = Views;
			sourceTree = "<group>";
		};
		F6BC9A5327DAFD0900274FAF /* Controllers */ = {
			isa = PBXGroup;
			children = (
				F605023627B6417B0010DEC8 /* DynamicSizingViewController.swift */,
			);
			path = Controllers;
			sourceTree = "<group>";
		};
		F6BC9A5627DBA10F00274FAF /* Flow+CompositionalLayout */ = {
			isa = PBXGroup;
			children = (
				F6BC9A5727DBA11A00274FAF /* Models */,
				F6BC9A5827DBA12800274FAF /* Views */,
				F6BC9A5927DBA13300274FAF /* Controllers */,
			);
			path = "Flow+CompositionalLayout";
			sourceTree = "<group>";
		};
		F6BC9A5727DBA11A00274FAF /* Models */ = {
			isa = PBXGroup;
			children = (
				F6BC9A6227DC73FA00274FAF /* Content.swift */,
			);
			path = Models;
			sourceTree = "<group>";
		};
		F6BC9A5827DBA12800274FAF /* Views */ = {
			isa = PBXGroup;
			children = (
				F6BC9A5F27DBA1C300274FAF /* Cells */,
				F6BC9A5D27DBA1C000274FAF /* HomeView.swift */,
			);
			path = Views;
			sourceTree = "<group>";
		};
		F6BC9A5927DBA13300274FAF /* Controllers */ = {
			isa = PBXGroup;
			children = (
				F6BC9A5A27DBA17800274FAF /* HomeViewController.swift */,
			);
			path = Controllers;
			sourceTree = "<group>";
		};
		F6BC9A5F27DBA1C300274FAF /* Cells */ = {
			isa = PBXGroup;
			children = (
				F6BC9A6427DC7C8600274FAF /* ContentCollectionViewCell.swift */,
				F6BC9A6727DC9EC700274FAF /* ContentHeaderView.swift */,
			);
			path = Cells;
			sourceTree = "<group>";
		};
		F6EA744D281D006D00163B2E /* ToolTip */ = {
			isa = PBXGroup;
			children = (
				F6EA744F281D009F00163B2E /* EasyTipSampleView.swift */,
				F6EA7451281D00A800163B2E /* EasyTipViewSampleController.swift */,
			);
			path = ToolTip;
			sourceTree = "<group>";
		};
/* End PBXGroup section */

/* Begin PBXNativeTarget section */
		F692766E27846BBA0004071F /* UI */ = {
			isa = PBXNativeTarget;
			buildConfigurationList = F692768327846BBC0004071F /* Build configuration list for PBXNativeTarget "UI" */;
			buildPhases = (
				EC802B41549A50F085EB7917 /* [CP] Check Pods Manifest.lock */,
				F692766B27846BBA0004071F /* Sources */,
				F692766C27846BBA0004071F /* Frameworks */,
				F692766D27846BBA0004071F /* Resources */,
				83A44CAD7D04831CBA5F30C4 /* [CP] Embed Pods Frameworks */,
			);
			buildRules = (
			);
			dependencies = (
			);
			name = UI;
			productName = UI;
			productReference = F692766F27846BBA0004071F /* UI.app */;
			productType = "com.apple.product-type.application";
		};
/* End PBXNativeTarget section */

/* Begin PBXProject section */
		F692766727846BBA0004071F /* Project object */ = {
			isa = PBXProject;
			attributes = {
				BuildIndependentTargetsInParallel = 1;
				LastSwiftUpdateCheck = 1320;
				LastUpgradeCheck = 1320;
				TargetAttributes = {
					F692766E27846BBA0004071F = {
						CreatedOnToolsVersion = 13.2.1;
					};
				};
			};
			buildConfigurationList = F692766A27846BBA0004071F /* Build configuration list for PBXProject "UI" */;
			compatibilityVersion = "Xcode 13.0";
			developmentRegion = en;
			hasScannedForEncodings = 0;
			knownRegions = (
				en,
				Base,
			);
			mainGroup = F692766627846BBA0004071F;
			productRefGroup = F692767027846BBA0004071F /* Products */;
			projectDirPath = "";
			projectRoot = "";
			targets = (
				F692766E27846BBA0004071F /* UI */,
			);
		};
/* End PBXProject section */

/* Begin PBXResourcesBuildPhase section */
		F692766D27846BBA0004071F /* Resources */ = {
			isa = PBXResourcesBuildPhase;
			buildActionMask = 2147483647;
			files = (
				F605023527B63D750010DEC8 /* DynamicSizingTableViewCell.xib in Resources */,
				F692767F27846BBC0004071F /* LaunchScreen.storyboard in Resources */,
				F6BC9A6127DC73C500274FAF /* Content.plist in Resources */,
				F605023927B6417B0010DEC8 /* DynamicSizingViewController.xib in Resources */,
				F693C7B72785EDB900F773CA /* CustomNavigationBar.xib in Resources */,
				F692767C27846BBC0004071F /* Assets.xcassets in Resources */,
			);
			runOnlyForDeploymentPostprocessing = 0;
		};
/* End PBXResourcesBuildPhase section */

/* Begin PBXShellScriptBuildPhase section */
		83A44CAD7D04831CBA5F30C4 /* [CP] Embed Pods Frameworks */ = {
			isa = PBXShellScriptBuildPhase;
			buildActionMask = 2147483647;
			files = (
			);
			inputFileListPaths = (
				"${PODS_ROOT}/Target Support Files/Pods-UI/Pods-UI-frameworks-${CONFIGURATION}-input-files.xcfilelist",
			);
			name = "[CP] Embed Pods Frameworks";
			outputFileListPaths = (
				"${PODS_ROOT}/Target Support Files/Pods-UI/Pods-UI-frameworks-${CONFIGURATION}-output-files.xcfilelist",
			);
			runOnlyForDeploymentPostprocessing = 0;
			shellPath = /bin/sh;
			shellScript = "\"${PODS_ROOT}/Target Support Files/Pods-UI/Pods-UI-frameworks.sh\"\n";
			showEnvVarsInLog = 0;
		};
		EC802B41549A50F085EB7917 /* [CP] Check Pods Manifest.lock */ = {
			isa = PBXShellScriptBuildPhase;
			buildActionMask = 2147483647;
			files = (
			);
			inputFileListPaths = (
			);
			inputPaths = (
				"${PODS_PODFILE_DIR_PATH}/Podfile.lock",
				"${PODS_ROOT}/Manifest.lock",
			);
			name = "[CP] Check Pods Manifest.lock";
			outputFileListPaths = (
			);
			outputPaths = (
				"$(DERIVED_FILE_DIR)/Pods-UI-checkManifestLockResult.txt",
			);
			runOnlyForDeploymentPostprocessing = 0;
			shellPath = /bin/sh;
			shellScript = "diff \"${PODS_PODFILE_DIR_PATH}/Podfile.lock\" \"${PODS_ROOT}/Manifest.lock\" > /dev/null\nif [ $? != 0 ] ; then\n    # print error to STDERR\n    echo \"error: The sandbox is not in sync with the Podfile.lock. Run 'pod install' or update your CocoaPods installation.\" >&2\n    exit 1\nfi\n# This output is used by Xcode 'outputs' to avoid re-running this script phase.\necho \"SUCCESS\" > \"${SCRIPT_OUTPUT_FILE_0}\"\n";
			showEnvVarsInLog = 0;
		};
/* End PBXShellScriptBuildPhase section */

/* Begin PBXSourcesBuildPhase section */
		F692766B27846BBA0004071F /* Sources */ = {
			isa = PBXSourcesBuildPhase;
			buildActionMask = 2147483647;
			files = (
				F6F62819281C2BAE006BDF67 /* ViewPresentable.swift in Sources */,
				F692D03B2858727700C64630 /* BaseView.swift in Sources */,
				F6EA7452281D00A800163B2E /* EasyTipViewSampleController.swift in Sources */,
				F605023427B63D750010DEC8 /* DynamicSizingTableViewCell.swift in Sources */,
				F60501F827AD33E10010DEC8 /* UITextField+Extension.swift in Sources */,
				F692D0392858710F00C64630 /* Reusable.swift in Sources */,
				F60501EE27ACB2E50010DEC8 /* BaseViewController.swift in Sources */,
				F692D03D285873F500C64630 /* UICollectionViewCell+Extension.swift in Sources */,
				F6EA7450281D009F00163B2E /* EasyTipSampleView.swift in Sources */,
				F60501F427AD32CE0010DEC8 /* String+Extension.swift in Sources */,
				F605020327AE31A20010DEC8 /* RoundButton.swift in Sources */,
				F6BC9A6827DC9EC700274FAF /* ContentHeaderView.swift in Sources */,
				F6BC9A6327DC73FA00274FAF /* Content.swift in Sources */,
				F6BC9A5E27DBA1C000274FAF /* HomeView.swift in Sources */,
				F693C7B52785EDA700F773CA /* CutstomNavigationBar.swift in Sources */,
				F605022E27B63B390010DEC8 /* DynamicSizingModel.swift in Sources */,
				F692767327846BBA0004071F /* AppDelegate.swift in Sources */,
				F6BC99FC27D4AADA00274FAF /* AnimationButton.swift in Sources */,
				F6BC9A6527DC7C8600274FAF /* ContentCollectionViewCell.swift in Sources */,
				F60501F627AD33480010DEC8 /* UIStackView+Extension.swift in Sources */,
				F6BC99F527D4576E00274FAF /* MovieViewController.swift in Sources */,
				F6BC9A5B27DBA17800274FAF /* HomeViewController.swift in Sources */,
				F60501EA27ACB2320010DEC8 /* ViewController.swift in Sources */,
				F605023827B6417B0010DEC8 /* DynamicSizingViewController.swift in Sources */,
				F6BC99F727D4577E00274FAF /* MovieView.swift in Sources */,
				F692767527846BBA0004071F /* SceneDelegate.swift in Sources */,
			);
			runOnlyForDeploymentPostprocessing = 0;
		};
/* End PBXSourcesBuildPhase section */

/* Begin PBXVariantGroup section */
		F692767D27846BBC0004071F /* LaunchScreen.storyboard */ = {
			isa = PBXVariantGroup;
			children = (
				F692767E27846BBC0004071F /* Base */,
			);
			name = LaunchScreen.storyboard;
			sourceTree = "<group>";
		};
/* End PBXVariantGroup section */

/* Begin XCBuildConfiguration section */
		F692768127846BBC0004071F /* Debug */ = {
			isa = XCBuildConfiguration;
			buildSettings = {
				ALWAYS_SEARCH_USER_PATHS = NO;
				CLANG_ANALYZER_NONNULL = YES;
				CLANG_ANALYZER_NUMBER_OBJECT_CONVERSION = YES_AGGRESSIVE;
				CLANG_CXX_LANGUAGE_STANDARD = "gnu++17";
				CLANG_CXX_LIBRARY = "libc++";
				CLANG_ENABLE_MODULES = YES;
				CLANG_ENABLE_OBJC_ARC = YES;
				CLANG_ENABLE_OBJC_WEAK = YES;
				CLANG_WARN_BLOCK_CAPTURE_AUTORELEASING = YES;
				CLANG_WARN_BOOL_CONVERSION = YES;
				CLANG_WARN_COMMA = YES;
				CLANG_WARN_CONSTANT_CONVERSION = YES;
				CLANG_WARN_DEPRECATED_OBJC_IMPLEMENTATIONS = YES;
				CLANG_WARN_DIRECT_OBJC_ISA_USAGE = YES_ERROR;
				CLANG_WARN_DOCUMENTATION_COMMENTS = YES;
				CLANG_WARN_EMPTY_BODY = YES;
				CLANG_WARN_ENUM_CONVERSION = YES;
				CLANG_WARN_INFINITE_RECURSION = YES;
				CLANG_WARN_INT_CONVERSION = YES;
				CLANG_WARN_NON_LITERAL_NULL_CONVERSION = YES;
				CLANG_WARN_OBJC_IMPLICIT_RETAIN_SELF = YES;
				CLANG_WARN_OBJC_LITERAL_CONVERSION = YES;
				CLANG_WARN_OBJC_ROOT_CLASS = YES_ERROR;
				CLANG_WARN_QUOTED_INCLUDE_IN_FRAMEWORK_HEADER = YES;
				CLANG_WARN_RANGE_LOOP_ANALYSIS = YES;
				CLANG_WARN_STRICT_PROTOTYPES = YES;
				CLANG_WARN_SUSPICIOUS_MOVE = YES;
				CLANG_WARN_UNGUARDED_AVAILABILITY = YES_AGGRESSIVE;
				CLANG_WARN_UNREACHABLE_CODE = YES;
				CLANG_WARN__DUPLICATE_METHOD_MATCH = YES;
				COPY_PHASE_STRIP = NO;
				DEBUG_INFORMATION_FORMAT = dwarf;
				ENABLE_STRICT_OBJC_MSGSEND = YES;
				ENABLE_TESTABILITY = YES;
				GCC_C_LANGUAGE_STANDARD = gnu11;
				GCC_DYNAMIC_NO_PIC = NO;
				GCC_NO_COMMON_BLOCKS = YES;
				GCC_OPTIMIZATION_LEVEL = 0;
				GCC_PREPROCESSOR_DEFINITIONS = (
					"DEBUG=1",
					"$(inherited)",
				);
				GCC_WARN_64_TO_32_BIT_CONVERSION = YES;
				GCC_WARN_ABOUT_RETURN_TYPE = YES_ERROR;
				GCC_WARN_UNDECLARED_SELECTOR = YES;
				GCC_WARN_UNINITIALIZED_AUTOS = YES_AGGRESSIVE;
				GCC_WARN_UNUSED_FUNCTION = YES;
				GCC_WARN_UNUSED_VARIABLE = YES;
				IPHONEOS_DEPLOYMENT_TARGET = 15.2;
				MTL_ENABLE_DEBUG_INFO = INCLUDE_SOURCE;
				MTL_FAST_MATH = YES;
				ONLY_ACTIVE_ARCH = YES;
				SDKROOT = iphoneos;
				SWIFT_ACTIVE_COMPILATION_CONDITIONS = DEBUG;
				SWIFT_OPTIMIZATION_LEVEL = "-Onone";
			};
			name = Debug;
		};
		F692768227846BBC0004071F /* Release */ = {
			isa = XCBuildConfiguration;
			buildSettings = {
				ALWAYS_SEARCH_USER_PATHS = NO;
				CLANG_ANALYZER_NONNULL = YES;
				CLANG_ANALYZER_NUMBER_OBJECT_CONVERSION = YES_AGGRESSIVE;
				CLANG_CXX_LANGUAGE_STANDARD = "gnu++17";
				CLANG_CXX_LIBRARY = "libc++";
				CLANG_ENABLE_MODULES = YES;
				CLANG_ENABLE_OBJC_ARC = YES;
				CLANG_ENABLE_OBJC_WEAK = YES;
				CLANG_WARN_BLOCK_CAPTURE_AUTORELEASING = YES;
				CLANG_WARN_BOOL_CONVERSION = YES;
				CLANG_WARN_COMMA = YES;
				CLANG_WARN_CONSTANT_CONVERSION = YES;
				CLANG_WARN_DEPRECATED_OBJC_IMPLEMENTATIONS = YES;
				CLANG_WARN_DIRECT_OBJC_ISA_USAGE = YES_ERROR;
				CLANG_WARN_DOCUMENTATION_COMMENTS = YES;
				CLANG_WARN_EMPTY_BODY = YES;
				CLANG_WARN_ENUM_CONVERSION = YES;
				CLANG_WARN_INFINITE_RECURSION = YES;
				CLANG_WARN_INT_CONVERSION = YES;
				CLANG_WARN_NON_LITERAL_NULL_CONVERSION = YES;
				CLANG_WARN_OBJC_IMPLICIT_RETAIN_SELF = YES;
				CLANG_WARN_OBJC_LITERAL_CONVERSION = YES;
				CLANG_WARN_OBJC_ROOT_CLASS = YES_ERROR;
				CLANG_WARN_QUOTED_INCLUDE_IN_FRAMEWORK_HEADER = YES;
				CLANG_WARN_RANGE_LOOP_ANALYSIS = YES;
				CLANG_WARN_STRICT_PROTOTYPES = YES;
				CLANG_WARN_SUSPICIOUS_MOVE = YES;
				CLANG_WARN_UNGUARDED_AVAILABILITY = YES_AGGRESSIVE;
				CLANG_WARN_UNREACHABLE_CODE = YES;
				CLANG_WARN__DUPLICATE_METHOD_MATCH = YES;
				COPY_PHASE_STRIP = NO;
				DEBUG_INFORMATION_FORMAT = "dwarf-with-dsym";
				ENABLE_NS_ASSERTIONS = NO;
				ENABLE_STRICT_OBJC_MSGSEND = YES;
				GCC_C_LANGUAGE_STANDARD = gnu11;
				GCC_NO_COMMON_BLOCKS = YES;
				GCC_WARN_64_TO_32_BIT_CONVERSION = YES;
				GCC_WARN_ABOUT_RETURN_TYPE = YES_ERROR;
				GCC_WARN_UNDECLARED_SELECTOR = YES;
				GCC_WARN_UNINITIALIZED_AUTOS = YES_AGGRESSIVE;
				GCC_WARN_UNUSED_FUNCTION = YES;
				GCC_WARN_UNUSED_VARIABLE = YES;
				IPHONEOS_DEPLOYMENT_TARGET = 15.2;
				MTL_ENABLE_DEBUG_INFO = NO;
				MTL_FAST_MATH = YES;
				SDKROOT = iphoneos;
				SWIFT_COMPILATION_MODE = wholemodule;
				SWIFT_OPTIMIZATION_LEVEL = "-O";
				VALIDATE_PRODUCT = YES;
			};
			name = Release;
		};
		F692768427846BBC0004071F /* Debug */ = {
			isa = XCBuildConfiguration;
			baseConfigurationReference = 68AD387DC5097110688C46BB /* Pods-UI.debug.xcconfig */;
			buildSettings = {
				ASSETCATALOG_COMPILER_APPICON_NAME = AppIcon;
				ASSETCATALOG_COMPILER_GLOBAL_ACCENT_COLOR_NAME = AccentColor;
				CODE_SIGN_STYLE = Automatic;
				CURRENT_PROJECT_VERSION = 1;
				DEVELOPMENT_TEAM = RS46GZF8TU;
				GENERATE_INFOPLIST_FILE = YES;
				INFOPLIST_FILE = UI/Support/Info.plist;
				INFOPLIST_KEY_UIApplicationSupportsIndirectInputEvents = YES;
				INFOPLIST_KEY_UILaunchStoryboardName = LaunchScreen;
				INFOPLIST_KEY_UISupportedInterfaceOrientations_iPad = "UIInterfaceOrientationPortrait UIInterfaceOrientationPortraitUpsideDown UIInterfaceOrientationLandscapeLeft UIInterfaceOrientationLandscapeRight";
				INFOPLIST_KEY_UISupportedInterfaceOrientations_iPhone = "UIInterfaceOrientationPortrait UIInterfaceOrientationLandscapeLeft UIInterfaceOrientationLandscapeRight";
				LD_RUNPATH_SEARCH_PATHS = (
					"$(inherited)",
					"@executable_path/Frameworks",
				);
				MARKETING_VERSION = 1.0;
				PRODUCT_BUNDLE_IDENTIFIER = "--------.UI";
				PRODUCT_NAME = "$(TARGET_NAME)";
				SWIFT_EMIT_LOC_STRINGS = YES;
				SWIFT_VERSION = 5.0;
				TARGETED_DEVICE_FAMILY = "1,2";
			};
			name = Debug;
		};
		F692768527846BBC0004071F /* Release */ = {
			isa = XCBuildConfiguration;
			baseConfigurationReference = 661FA0878EFC52499296E030 /* Pods-UI.release.xcconfig */;
			buildSettings = {
				ASSETCATALOG_COMPILER_APPICON_NAME = AppIcon;
				ASSETCATALOG_COMPILER_GLOBAL_ACCENT_COLOR_NAME = AccentColor;
				CODE_SIGN_STYLE = Automatic;
				CURRENT_PROJECT_VERSION = 1;
				DEVELOPMENT_TEAM = RS46GZF8TU;
				GENERATE_INFOPLIST_FILE = YES;
				INFOPLIST_FILE = UI/Support/Info.plist;
				INFOPLIST_KEY_UIApplicationSupportsIndirectInputEvents = YES;
				INFOPLIST_KEY_UILaunchStoryboardName = LaunchScreen;
				INFOPLIST_KEY_UISupportedInterfaceOrientations_iPad = "UIInterfaceOrientationPortrait UIInterfaceOrientationPortraitUpsideDown UIInterfaceOrientationLandscapeLeft UIInterfaceOrientationLandscapeRight";
				INFOPLIST_KEY_UISupportedInterfaceOrientations_iPhone = "UIInterfaceOrientationPortrait UIInterfaceOrientationLandscapeLeft UIInterfaceOrientationLandscapeRight";
				LD_RUNPATH_SEARCH_PATHS = (
					"$(inherited)",
					"@executable_path/Frameworks",
				);
				MARKETING_VERSION = 1.0;
				PRODUCT_BUNDLE_IDENTIFIER = "--------.UI";
				PRODUCT_NAME = "$(TARGET_NAME)";
				SWIFT_EMIT_LOC_STRINGS = YES;
				SWIFT_VERSION = 5.0;
				TARGETED_DEVICE_FAMILY = "1,2";
			};
			name = Release;
		};
/* End XCBuildConfiguration section */

/* Begin XCConfigurationList section */
		F692766A27846BBA0004071F /* Build configuration list for PBXProject "UI" */ = {
			isa = XCConfigurationList;
			buildConfigurations = (
				F692768127846BBC0004071F /* Debug */,
				F692768227846BBC0004071F /* Release */,
			);
			defaultConfigurationIsVisible = 0;
			defaultConfigurationName = Release;
		};
		F692768327846BBC0004071F /* Build configuration list for PBXNativeTarget "UI" */ = {
			isa = XCConfigurationList;
			buildConfigurations = (
				F692768427846BBC0004071F /* Debug */,
				F692768527846BBC0004071F /* Release */,
			);
			defaultConfigurationIsVisible = 0;
			defaultConfigurationName = Release;
		};
/* End XCConfigurationList section */
	};
	rootObject = F692766727846BBA0004071F /* Project object */;
}
