// !$*UTF8*$!
{
	archiveVersion = 1;
	classes = {
	};
	objectVersion = 55;
	objects = {

/* Begin PBXBuildFile section */
		40BB019F3A6A47D42B9F004B /* Pods_UI.framework in Frameworks */ = {isa = PBXBuildFile; fileRef = 27DCDD8FFD044484F61E4C25 /* Pods_UI.framework */; };
		F60501EA27ACB2320010DEC8 /* ViewController.swift in Sources */ = {isa = PBXBuildFile; fileRef = F60501E927ACB2320010DEC8 /* ViewController.swift */; };
		F60501EE27ACB2E50010DEC8 /* BaseViewController.swift in Sources */ = {isa = PBXBuildFile; fileRef = F60501ED27ACB2E50010DEC8 /* BaseViewController.swift */; };
		F60501F427AD32CE0010DEC8 /* String+Extension.swift in Sources */ = {isa = PBXBuildFile; fileRef = F60501F327AD32CE0010DEC8 /* String+Extension.swift */; };
		F60501F627AD33480010DEC8 /* UIStackView+Extension.swift in Sources */ = {isa = PBXBuildFile; fileRef = F60501F527AD33480010DEC8 /* UIStackView+Extension.swift */; };
		F60501F827AD33E10010DEC8 /* UITextField+Extension.swift in Sources */ = {isa = PBXBuildFile; fileRef = F60501F727AD33E10010DEC8 /* UITextField+Extension.swift */; };
		F605020327AE31A20010DEC8 /* RoundButton.swift in Sources */ = {isa = PBXBuildFile; fileRef = F605020227AE31A20010DEC8 /* RoundButton.swift */; };
		F692767327846BBA0004071F /* AppDelegate.swift in Sources */ = {isa = PBXBuildFile; fileRef = F692767227846BBA0004071F /* AppDelegate.swift */; };
		F692767527846BBA0004071F /* SceneDelegate.swift in Sources */ = {isa = PBXBuildFile; fileRef = F692767427846BBA0004071F /* SceneDelegate.swift */; };
		F692767C27846BBC0004071F /* Assets.xcassets in Resources */ = {isa = PBXBuildFile; fileRef = F692767B27846BBC0004071F /* Assets.xcassets */; };
		F692767F27846BBC0004071F /* LaunchScreen.storyboard in Resources */ = {isa = PBXBuildFile; fileRef = F692767D27846BBC0004071F /* LaunchScreen.storyboard */; };
		F693C7B52785EDA700F773CA /* CutstomNavigationBar.swift in Sources */ = {isa = PBXBuildFile; fileRef = F693C7B42785EDA700F773CA /* CutstomNavigationBar.swift */; };
		F693C7B72785EDB900F773CA /* CustomNavigationBar.xib in Resources */ = {isa = PBXBuildFile; fileRef = F693C7B62785EDB900F773CA /* CustomNavigationBar.xib */; };
/* End PBXBuildFile section */

/* Begin PBXFileReference section */
		27DCDD8FFD044484F61E4C25 /* Pods_UI.framework */ = {isa = PBXFileReference; explicitFileType = wrapper.framework; includeInIndex = 0; path = Pods_UI.framework; sourceTree = BUILT_PRODUCTS_DIR; };
		84CF90A37BD351CE862CE153 /* Pods-UI.release.xcconfig */ = {isa = PBXFileReference; includeInIndex = 1; lastKnownFileType = text.xcconfig; name = "Pods-UI.release.xcconfig"; path = "Target Support Files/Pods-UI/Pods-UI.release.xcconfig"; sourceTree = "<group>"; };
		D7FFE8E09ECC2C4782811592 /* Pods-UI.debug.xcconfig */ = {isa = PBXFileReference; includeInIndex = 1; lastKnownFileType = text.xcconfig; name = "Pods-UI.debug.xcconfig"; path = "Target Support Files/Pods-UI/Pods-UI.debug.xcconfig"; sourceTree = "<group>"; };
		F60501E927ACB2320010DEC8 /* ViewController.swift */ = {isa = PBXFileReference; lastKnownFileType = sourcecode.swift; path = ViewController.swift; sourceTree = "<group>"; };
		F60501ED27ACB2E50010DEC8 /* BaseViewController.swift */ = {isa = PBXFileReference; lastKnownFileType = sourcecode.swift; path = BaseViewController.swift; sourceTree = "<group>"; };
		F60501F327AD32CE0010DEC8 /* String+Extension.swift */ = {isa = PBXFileReference; lastKnownFileType = sourcecode.swift; path = "String+Extension.swift"; sourceTree = "<group>"; };
		F60501F527AD33480010DEC8 /* UIStackView+Extension.swift */ = {isa = PBXFileReference; lastKnownFileType = sourcecode.swift; path = "UIStackView+Extension.swift"; sourceTree = "<group>"; };
		F60501F727AD33E10010DEC8 /* UITextField+Extension.swift */ = {isa = PBXFileReference; lastKnownFileType = sourcecode.swift; path = "UITextField+Extension.swift"; sourceTree = "<group>"; };
		F605020227AE31A20010DEC8 /* RoundButton.swift */ = {isa = PBXFileReference; lastKnownFileType = sourcecode.swift; path = RoundButton.swift; sourceTree = "<group>"; };
		F689455B27869F8C00F22187 /* Info.plist */ = {isa = PBXFileReference; lastKnownFileType = text.plist.xml; path = Info.plist; sourceTree = "<group>"; };
		F692766F27846BBA0004071F /* UI.app */ = {isa = PBXFileReference; explicitFileType = wrapper.application; includeInIndex = 0; path = UI.app; sourceTree = BUILT_PRODUCTS_DIR; };
		F692767227846BBA0004071F /* AppDelegate.swift */ = {isa = PBXFileReference; lastKnownFileType = sourcecode.swift; path = AppDelegate.swift; sourceTree = "<group>"; };
		F692767427846BBA0004071F /* SceneDelegate.swift */ = {isa = PBXFileReference; lastKnownFileType = sourcecode.swift; path = SceneDelegate.swift; sourceTree = "<group>"; };
		F692767B27846BBC0004071F /* Assets.xcassets */ = {isa = PBXFileReference; lastKnownFileType = folder.assetcatalog; path = Assets.xcassets; sourceTree = "<group>"; };
		F692767E27846BBC0004071F /* Base */ = {isa = PBXFileReference; lastKnownFileType = file.storyboard; name = Base; path = Base.lproj/LaunchScreen.storyboard; sourceTree = "<group>"; };
		F693C7B42785EDA700F773CA /* CutstomNavigationBar.swift */ = {isa = PBXFileReference; lastKnownFileType = sourcecode.swift; path = CutstomNavigationBar.swift; sourceTree = "<group>"; };
		F693C7B62785EDB900F773CA /* CustomNavigationBar.xib */ = {isa = PBXFileReference; lastKnownFileType = file.xib; path = CustomNavigationBar.xib; sourceTree = "<group>"; };
/* End PBXFileReference section */

/* Begin PBXFrameworksBuildPhase section */
		F692766C27846BBA0004071F /* Frameworks */ = {
			isa = PBXFrameworksBuildPhase;
			buildActionMask = 2147483647;
			files = (
				40BB019F3A6A47D42B9F004B /* Pods_UI.framework in Frameworks */,
			);
			runOnlyForDeploymentPostprocessing = 0;
		};
/* End PBXFrameworksBuildPhase section */

/* Begin PBXGroup section */
		DE37E56C1E276D52A808C45D /* Frameworks */ = {
			isa = PBXGroup;
			children = (
				27DCDD8FFD044484F61E4C25 /* Pods_UI.framework */,
			);
			name = Frameworks;
			sourceTree = "<group>";
		};
		F60501E627ACB1880010DEC8 /* Presentation */ = {
			isa = PBXGroup;
			children = (
				F693C7B32785ED8400F773CA /* Views */,
				F692768827846BFA0004071F /* Controllers */,
			);
			path = Presentation;
			sourceTree = "<group>";
		};
		F60501E727ACB19D0010DEC8 /* Resource */ = {
			isa = PBXGroup;
			children = (
				F692767D27846BBC0004071F /* LaunchScreen.storyboard */,
				F692767B27846BBC0004071F /* Assets.xcassets */,
			);
			path = Resource;
			sourceTree = "<group>";
		};
		F60501E827ACB1AF0010DEC8 /* Support */ = {
			isa = PBXGroup;
			children = (
				F689455B27869F8C00F22187 /* Info.plist */,
			);
			path = Support;
			sourceTree = "<group>";
		};
		F60501EC27ACB2DD0010DEC8 /* Common */ = {
			isa = PBXGroup;
			children = (
				F60501ED27ACB2E50010DEC8 /* BaseViewController.swift */,
			);
			path = Common;
			sourceTree = "<group>";
		};
		F60501EF27AD32480010DEC8 /* Common */ = {
			isa = PBXGroup;
			children = (
				F605020127AE31810010DEC8 /* DesignSystem */,
				F60501F027AD324C0010DEC8 /* Extension */,
			);
			path = Common;
			sourceTree = "<group>";
		};
		F60501F027AD324C0010DEC8 /* Extension */ = {
			isa = PBXGroup;
			children = (
				F60501F327AD32CE0010DEC8 /* String+Extension.swift */,
				F60501F527AD33480010DEC8 /* UIStackView+Extension.swift */,
				F60501F727AD33E10010DEC8 /* UITextField+Extension.swift */,
			);
			path = Extension;
			sourceTree = "<group>";
		};
		F605020127AE31810010DEC8 /* DesignSystem */ = {
			isa = PBXGroup;
			children = (
				F605020227AE31A20010DEC8 /* RoundButton.swift */,
			);
			path = DesignSystem;
			sourceTree = "<group>";
		};
		F63591886C223D1E5633448D /* Pods */ = {
			isa = PBXGroup;
			children = (
				D7FFE8E09ECC2C4782811592 /* Pods-UI.debug.xcconfig */,
				84CF90A37BD351CE862CE153 /* Pods-UI.release.xcconfig */,
			);
			path = Pods;
			sourceTree = "<group>";
		};
		F692766627846BBA0004071F = {
			isa = PBXGroup;
			children = (
				F692767127846BBA0004071F /* UI */,
				F692767027846BBA0004071F /* Products */,
				F63591886C223D1E5633448D /* Pods */,
				DE37E56C1E276D52A808C45D /* Frameworks */,
			);
			sourceTree = "<group>";
		};
		F692767027846BBA0004071F /* Products */ = {
			isa = PBXGroup;
			children = (
				F692766F27846BBA0004071F /* UI.app */,
			);
			name = Products;
			sourceTree = "<group>";
		};
		F692767127846BBA0004071F /* UI */ = {
			isa = PBXGroup;
			children = (
				F60501EF27AD32480010DEC8 /* Common */,
				F692768627846BC90004071F /* Application */,
				F60501E627ACB1880010DEC8 /* Presentation */,
				F60501E727ACB19D0010DEC8 /* Resource */,
				F60501E827ACB1AF0010DEC8 /* Support */,
			);
			path = UI;
			sourceTree = "<group>";
		};
		F692768627846BC90004071F /* Application */ = {
			isa = PBXGroup;
			children = (
				F692767227846BBA0004071F /* AppDelegate.swift */,
				F692767427846BBA0004071F /* SceneDelegate.swift */,
			);
			path = Application;
			sourceTree = "<group>";
		};
		F692768827846BFA0004071F /* Controllers */ = {
			isa = PBXGroup;
			children = (
				F60501EC27ACB2DD0010DEC8 /* Common */,
				F60501E927ACB2320010DEC8 /* ViewController.swift */,
			);
			path = Controllers;
			sourceTree = "<group>";
		};
		F693C7B32785ED8400F773CA /* Views */ = {
			isa = PBXGroup;
			children = (
				F693C7B62785EDB900F773CA /* CustomNavigationBar.xib */,
				F693C7B42785EDA700F773CA /* CutstomNavigationBar.swift */,
			);
			path = Views;
			sourceTree = "<group>";
		};
/* End PBXGroup section */

/* Begin PBXNativeTarget section */
		F692766E27846BBA0004071F /* UI */ = {
			isa = PBXNativeTarget;
			buildConfigurationList = F692768327846BBC0004071F /* Build configuration list for PBXNativeTarget "UI" */;
			buildPhases = (
				55C8BBAA264511341F0C87A4 /* [CP] Check Pods Manifest.lock */,
				F692766B27846BBA0004071F /* Sources */,
				F692766C27846BBA0004071F /* Frameworks */,
				F692766D27846BBA0004071F /* Resources */,
				E55708E96B8DA424D29C0467 /* [CP] Embed Pods Frameworks */,
			);
			buildRules = (
			);
			dependencies = (
			);
			name = UI;
			productName = UI;
			productReference = F692766F27846BBA0004071F /* UI.app */;
			productType = "com.apple.product-type.application";
		};
/* End PBXNativeTarget section */

/* Begin PBXProject section */
		F692766727846BBA0004071F /* Project object */ = {
			isa = PBXProject;
			attributes = {
				BuildIndependentTargetsInParallel = 1;
				LastSwiftUpdateCheck = 1320;
				LastUpgradeCheck = 1320;
				TargetAttributes = {
					F692766E27846BBA0004071F = {
						CreatedOnToolsVersion = 13.2.1;
					};
				};
			};
			buildConfigurationList = F692766A27846BBA0004071F /* Build configuration list for PBXProject "UI" */;
			compatibilityVersion = "Xcode 13.0";
			developmentRegion = en;
			hasScannedForEncodings = 0;
			knownRegions = (
				en,
				Base,
			);
			mainGroup = F692766627846BBA0004071F;
			productRefGroup = F692767027846BBA0004071F /* Products */;
			projectDirPath = "";
			projectRoot = "";
			targets = (
				F692766E27846BBA0004071F /* UI */,
			);
		};
/* End PBXProject section */

/* Begin PBXResourcesBuildPhase section */
		F692766D27846BBA0004071F /* Resources */ = {
			isa = PBXResourcesBuildPhase;
			buildActionMask = 2147483647;
			files = (
				F692767F27846BBC0004071F /* LaunchScreen.storyboard in Resources */,
				F693C7B72785EDB900F773CA /* CustomNavigationBar.xib in Resources */,
				F692767C27846BBC0004071F /* Assets.xcassets in Resources */,
			);
			runOnlyForDeploymentPostprocessing = 0;
		};
/* End PBXResourcesBuildPhase section */

/* Begin PBXShellScriptBuildPhase section */
		55C8BBAA264511341F0C87A4 /* [CP] Check Pods Manifest.lock */ = {
			isa = PBXShellScriptBuildPhase;
			buildActionMask = 2147483647;
			files = (
			);
			inputFileListPaths = (
			);
			inputPaths = (
				"${PODS_PODFILE_DIR_PATH}/Podfile.lock",
				"${PODS_ROOT}/Manifest.lock",
			);
			name = "[CP] Check Pods Manifest.lock";
			outputFileListPaths = (
			);
			outputPaths = (
				"$(DERIVED_FILE_DIR)/Pods-UI-checkManifestLockResult.txt",
			);
			runOnlyForDeploymentPostprocessing = 0;
			shellPath = /bin/sh;
			shellScript = "diff \"${PODS_PODFILE_DIR_PATH}/Podfile.lock\" \"${PODS_ROOT}/Manifest.lock\" > /dev/null\nif [ $? != 0 ] ; then\n    # print error to STDERR\n    echo \"error: The sandbox is not in sync with the Podfile.lock. Run 'pod install' or update your CocoaPods installation.\" >&2\n    exit 1\nfi\n# This output is used by Xcode 'outputs' to avoid re-running this script phase.\necho \"SUCCESS\" > \"${SCRIPT_OUTPUT_FILE_0}\"\n";
			showEnvVarsInLog = 0;
		};
		E55708E96B8DA424D29C0467 /* [CP] Embed Pods Frameworks */ = {
			isa = PBXShellScriptBuildPhase;
			buildActionMask = 2147483647;
			files = (
			);
			inputFileListPaths = (
				"${PODS_ROOT}/Target Support Files/Pods-UI/Pods-UI-frameworks-${CONFIGURATION}-input-files.xcfilelist",
			);
			name = "[CP] Embed Pods Frameworks";
			outputFileListPaths = (
				"${PODS_ROOT}/Target Support Files/Pods-UI/Pods-UI-frameworks-${CONFIGURATION}-output-files.xcfilelist",
			);
			runOnlyForDeploymentPostprocessing = 0;
			shellPath = /bin/sh;
			shellScript = "\"${PODS_ROOT}/Target Support Files/Pods-UI/Pods-UI-frameworks.sh\"\n";
			showEnvVarsInLog = 0;
		};
/* End PBXShellScriptBuildPhase section */

/* Begin PBXSourcesBuildPhase section */
		F692766B27846BBA0004071F /* Sources */ = {
			isa = PBXSourcesBuildPhase;
			buildActionMask = 2147483647;
			files = (
				F60501F827AD33E10010DEC8 /* UITextField+Extension.swift in Sources */,
				F60501EE27ACB2E50010DEC8 /* BaseViewController.swift in Sources */,
				F60501F427AD32CE0010DEC8 /* String+Extension.swift in Sources */,
				F605020327AE31A20010DEC8 /* RoundButton.swift in Sources */,
				F693C7B52785EDA700F773CA /* CutstomNavigationBar.swift in Sources */,
				F692767327846BBA0004071F /* AppDelegate.swift in Sources */,
				F60501F627AD33480010DEC8 /* UIStackView+Extension.swift in Sources */,
				F60501EA27ACB2320010DEC8 /* ViewController.swift in Sources */,
				F692767527846BBA0004071F /* SceneDelegate.swift in Sources */,
			);
			runOnlyForDeploymentPostprocessing = 0;
		};
/* End PBXSourcesBuildPhase section */

/* Begin PBXVariantGroup section */
		F692767D27846BBC0004071F /* LaunchScreen.storyboard */ = {
			isa = PBXVariantGroup;
			children = (
				F692767E27846BBC0004071F /* Base */,
			);
			name = LaunchScreen.storyboard;
			sourceTree = "<group>";
		};
/* End PBXVariantGroup section */

/* Begin XCBuildConfiguration section */
		F692768127846BBC0004071F /* Debug */ = {
			isa = XCBuildConfiguration;
			buildSettings = {
				ALWAYS_SEARCH_USER_PATHS = NO;
				CLANG_ANALYZER_NONNULL = YES;
				CLANG_ANALYZER_NUMBER_OBJECT_CONVERSION = YES_AGGRESSIVE;
				CLANG_CXX_LANGUAGE_STANDARD = "gnu++17";
				CLANG_CXX_LIBRARY = "libc++";
				CLANG_ENABLE_MODULES = YES;
				CLANG_ENABLE_OBJC_ARC = YES;
				CLANG_ENABLE_OBJC_WEAK = YES;
				CLANG_WARN_BLOCK_CAPTURE_AUTORELEASING = YES;
				CLANG_WARN_BOOL_CONVERSION = YES;
				CLANG_WARN_COMMA = YES;
				CLANG_WARN_CONSTANT_CONVERSION = YES;
				CLANG_WARN_DEPRECATED_OBJC_IMPLEMENTATIONS = YES;
				CLANG_WARN_DIRECT_OBJC_ISA_USAGE = YES_ERROR;
				CLANG_WARN_DOCUMENTATION_COMMENTS = YES;
				CLANG_WARN_EMPTY_BODY = YES;
				CLANG_WARN_ENUM_CONVERSION = YES;
				CLANG_WARN_INFINITE_RECURSION = YES;
				CLANG_WARN_INT_CONVERSION = YES;
				CLANG_WARN_NON_LITERAL_NULL_CONVERSION = YES;
				CLANG_WARN_OBJC_IMPLICIT_RETAIN_SELF = YES;
				CLANG_WARN_OBJC_LITERAL_CONVERSION = YES;
				CLANG_WARN_OBJC_ROOT_CLASS = YES_ERROR;
				CLANG_WARN_QUOTED_INCLUDE_IN_FRAMEWORK_HEADER = YES;
				CLANG_WARN_RANGE_LOOP_ANALYSIS = YES;
				CLANG_WARN_STRICT_PROTOTYPES = YES;
				CLANG_WARN_SUSPICIOUS_MOVE = YES;
				CLANG_WARN_UNGUARDED_AVAILABILITY = YES_AGGRESSIVE;
				CLANG_WARN_UNREACHABLE_CODE = YES;
				CLANG_WARN__DUPLICATE_METHOD_MATCH = YES;
				COPY_PHASE_STRIP = NO;
				DEBUG_INFORMATION_FORMAT = dwarf;
				ENABLE_STRICT_OBJC_MSGSEND = YES;
				ENABLE_TESTABILITY = YES;
				GCC_C_LANGUAGE_STANDARD = gnu11;
				GCC_DYNAMIC_NO_PIC = NO;
				GCC_NO_COMMON_BLOCKS = YES;
				GCC_OPTIMIZATION_LEVEL = 0;
				GCC_PREPROCESSOR_DEFINITIONS = (
					"DEBUG=1",
					"$(inherited)",
				);
				GCC_WARN_64_TO_32_BIT_CONVERSION = YES;
				GCC_WARN_ABOUT_RETURN_TYPE = YES_ERROR;
				GCC_WARN_UNDECLARED_SELECTOR = YES;
				GCC_WARN_UNINITIALIZED_AUTOS = YES_AGGRESSIVE;
				GCC_WARN_UNUSED_FUNCTION = YES;
				GCC_WARN_UNUSED_VARIABLE = YES;
				IPHONEOS_DEPLOYMENT_TARGET = 15.2;
				MTL_ENABLE_DEBUG_INFO = INCLUDE_SOURCE;
				MTL_FAST_MATH = YES;
				ONLY_ACTIVE_ARCH = YES;
				SDKROOT = iphoneos;
				SWIFT_ACTIVE_COMPILATION_CONDITIONS = DEBUG;
				SWIFT_OPTIMIZATION_LEVEL = "-Onone";
			};
			name = Debug;
		};
		F692768227846BBC0004071F /* Release */ = {
			isa = XCBuildConfiguration;
			buildSettings = {
				ALWAYS_SEARCH_USER_PATHS = NO;
				CLANG_ANALYZER_NONNULL = YES;
				CLANG_ANALYZER_NUMBER_OBJECT_CONVERSION = YES_AGGRESSIVE;
				CLANG_CXX_LANGUAGE_STANDARD = "gnu++17";
				CLANG_CXX_LIBRARY = "libc++";
				CLANG_ENABLE_MODULES = YES;
				CLANG_ENABLE_OBJC_ARC = YES;
				CLANG_ENABLE_OBJC_WEAK = YES;
				CLANG_WARN_BLOCK_CAPTURE_AUTORELEASING = YES;
				CLANG_WARN_BOOL_CONVERSION = YES;
				CLANG_WARN_COMMA = YES;
				CLANG_WARN_CONSTANT_CONVERSION = YES;
				CLANG_WARN_DEPRECATED_OBJC_IMPLEMENTATIONS = YES;
				CLANG_WARN_DIRECT_OBJC_ISA_USAGE = YES_ERROR;
				CLANG_WARN_DOCUMENTATION_COMMENTS = YES;
				CLANG_WARN_EMPTY_BODY = YES;
				CLANG_WARN_ENUM_CONVERSION = YES;
				CLANG_WARN_INFINITE_RECURSION = YES;
				CLANG_WARN_INT_CONVERSION = YES;
				CLANG_WARN_NON_LITERAL_NULL_CONVERSION = YES;
				CLANG_WARN_OBJC_IMPLICIT_RETAIN_SELF = YES;
				CLANG_WARN_OBJC_LITERAL_CONVERSION = YES;
				CLANG_WARN_OBJC_ROOT_CLASS = YES_ERROR;
				CLANG_WARN_QUOTED_INCLUDE_IN_FRAMEWORK_HEADER = YES;
				CLANG_WARN_RANGE_LOOP_ANALYSIS = YES;
				CLANG_WARN_STRICT_PROTOTYPES = YES;
				CLANG_WARN_SUSPICIOUS_MOVE = YES;
				CLANG_WARN_UNGUARDED_AVAILABILITY = YES_AGGRESSIVE;
				CLANG_WARN_UNREACHABLE_CODE = YES;
				CLANG_WARN__DUPLICATE_METHOD_MATCH = YES;
				COPY_PHASE_STRIP = NO;
				DEBUG_INFORMATION_FORMAT = "dwarf-with-dsym";
				ENABLE_NS_ASSERTIONS = NO;
				ENABLE_STRICT_OBJC_MSGSEND = YES;
				GCC_C_LANGUAGE_STANDARD = gnu11;
				GCC_NO_COMMON_BLOCKS = YES;
				GCC_WARN_64_TO_32_BIT_CONVERSION = YES;
				GCC_WARN_ABOUT_RETURN_TYPE = YES_ERROR;
				GCC_WARN_UNDECLARED_SELECTOR = YES;
				GCC_WARN_UNINITIALIZED_AUTOS = YES_AGGRESSIVE;
				GCC_WARN_UNUSED_FUNCTION = YES;
				GCC_WARN_UNUSED_VARIABLE = YES;
				IPHONEOS_DEPLOYMENT_TARGET = 15.2;
				MTL_ENABLE_DEBUG_INFO = NO;
				MTL_FAST_MATH = YES;
				SDKROOT = iphoneos;
				SWIFT_COMPILATION_MODE = wholemodule;
				SWIFT_OPTIMIZATION_LEVEL = "-O";
				VALIDATE_PRODUCT = YES;
			};
			name = Release;
		};
		F692768427846BBC0004071F /* Debug */ = {
			isa = XCBuildConfiguration;
			baseConfigurationReference = D7FFE8E09ECC2C4782811592 /* Pods-UI.debug.xcconfig */;
			buildSettings = {
				ASSETCATALOG_COMPILER_APPICON_NAME = AppIcon;
				ASSETCATALOG_COMPILER_GLOBAL_ACCENT_COLOR_NAME = AccentColor;
				CODE_SIGN_STYLE = Automatic;
				CURRENT_PROJECT_VERSION = 1;
				DEVELOPMENT_TEAM = RS46GZF8TU;
				GENERATE_INFOPLIST_FILE = YES;
				INFOPLIST_FILE = UI/Support/Info.plist;
				INFOPLIST_KEY_UIApplicationSupportsIndirectInputEvents = YES;
				INFOPLIST_KEY_UILaunchStoryboardName = LaunchScreen;
				INFOPLIST_KEY_UISupportedInterfaceOrientations_iPad = "UIInterfaceOrientationPortrait UIInterfaceOrientationPortraitUpsideDown UIInterfaceOrientationLandscapeLeft UIInterfaceOrientationLandscapeRight";
				INFOPLIST_KEY_UISupportedInterfaceOrientations_iPhone = "UIInterfaceOrientationPortrait UIInterfaceOrientationLandscapeLeft UIInterfaceOrientationLandscapeRight";
				LD_RUNPATH_SEARCH_PATHS = (
					"$(inherited)",
					"@executable_path/Frameworks",
				);
				MARKETING_VERSION = 1.0;
				PRODUCT_BUNDLE_IDENTIFIER = "--------.UI";
				PRODUCT_NAME = "$(TARGET_NAME)";
				SWIFT_EMIT_LOC_STRINGS = YES;
				SWIFT_VERSION = 5.0;
				TARGETED_DEVICE_FAMILY = "1,2";
			};
			name = Debug;
		};
		F692768527846BBC0004071F /* Release */ = {
			isa = XCBuildConfiguration;
			baseConfigurationReference = 84CF90A37BD351CE862CE153 /* Pods-UI.release.xcconfig */;
			buildSettings = {
				ASSETCATALOG_COMPILER_APPICON_NAME = AppIcon;
				ASSETCATALOG_COMPILER_GLOBAL_ACCENT_COLOR_NAME = AccentColor;
				CODE_SIGN_STYLE = Automatic;
				CURRENT_PROJECT_VERSION = 1;
				DEVELOPMENT_TEAM = RS46GZF8TU;
				GENERATE_INFOPLIST_FILE = YES;
				INFOPLIST_FILE = UI/Support/Info.plist;
				INFOPLIST_KEY_UIApplicationSupportsIndirectInputEvents = YES;
				INFOPLIST_KEY_UILaunchStoryboardName = LaunchScreen;
				INFOPLIST_KEY_UISupportedInterfaceOrientations_iPad = "UIInterfaceOrientationPortrait UIInterfaceOrientationPortraitUpsideDown UIInterfaceOrientationLandscapeLeft UIInterfaceOrientationLandscapeRight";
				INFOPLIST_KEY_UISupportedInterfaceOrientations_iPhone = "UIInterfaceOrientationPortrait UIInterfaceOrientationLandscapeLeft UIInterfaceOrientationLandscapeRight";
				LD_RUNPATH_SEARCH_PATHS = (
					"$(inherited)",
					"@executable_path/Frameworks",
				);
				MARKETING_VERSION = 1.0;
				PRODUCT_BUNDLE_IDENTIFIER = "--------.UI";
				PRODUCT_NAME = "$(TARGET_NAME)";
				SWIFT_EMIT_LOC_STRINGS = YES;
				SWIFT_VERSION = 5.0;
				TARGETED_DEVICE_FAMILY = "1,2";
			};
			name = Release;
		};
/* End XCBuildConfiguration section */

/* Begin XCConfigurationList section */
		F692766A27846BBA0004071F /* Build configuration list for PBXProject "UI" */ = {
			isa = XCConfigurationList;
			buildConfigurations = (
				F692768127846BBC0004071F /* Debug */,
				F692768227846BBC0004071F /* Release */,
			);
			defaultConfigurationIsVisible = 0;
			defaultConfigurationName = Release;
		};
		F692768327846BBC0004071F /* Build configuration list for PBXNativeTarget "UI" */ = {
			isa = XCConfigurationList;
			buildConfigurations = (
				F692768427846BBC0004071F /* Debug */,
				F692768527846BBC0004071F /* Release */,
			);
			defaultConfigurationIsVisible = 0;
			defaultConfigurationName = Release;
		};
/* End XCConfigurationList section */
	};
	rootObject = F692766727846BBA0004071F /* Project object */;
}
